// !$*UTF8*$!
{
	archiveVersion = 1;
	classes = {
	};
	objectVersion = 54;
	objects = {

/* Begin PBXBuildFile section */
		39DF5F5CF2786C54AB1673B8 /* libPods-BreakPadExtTests.a in Frameworks */ = {isa = PBXBuildFile; fileRef = EE83DF182F05DEFDE4E045B1 /* libPods-BreakPadExtTests.a */; };
		646BD07C8B13699304D244B9 /* libPods-BreakPadExtUITests.a in Frameworks */ = {isa = PBXBuildFile; fileRef = 45BCB5466594A927A816EC72 /* libPods-BreakPadExtUITests.a */; };
		78F6E2F127DB4D9F004A407B /* BPCrashAppDelegate.m in Sources */ = {isa = PBXBuildFile; fileRef = 78F6E2F027DB4D9F004A407B /* BPCrashAppDelegate.m */; };
		78F6E2F427DB4D9F004A407B /* SceneDelegate.m in Sources */ = {isa = PBXBuildFile; fileRef = 78F6E2F327DB4D9F004A407B /* SceneDelegate.m */; };
		78F6E2F727DB4D9F004A407B /* BPCrashViewController.m in Sources */ = {isa = PBXBuildFile; fileRef = 78F6E2F627DB4D9F004A407B /* BPCrashViewController.m */; };
		78F6E2FA27DB4D9F004A407B /* Main.storyboard in Resources */ = {isa = PBXBuildFile; fileRef = 78F6E2F827DB4D9F004A407B /* Main.storyboard */; };
		78F6E2FD27DB4D9F004A407B /* BreakPadExt.xcdatamodeld in Sources */ = {isa = PBXBuildFile; fileRef = 78F6E2FB27DB4D9F004A407B /* BreakPadExt.xcdatamodeld */; };
		78F6E2FF27DB4DA1004A407B /* Assets.xcassets in Resources */ = {isa = PBXBuildFile; fileRef = 78F6E2FE27DB4DA1004A407B /* Assets.xcassets */; };
		78F6E30227DB4DA1004A407B /* LaunchScreen.storyboard in Resources */ = {isa = PBXBuildFile; fileRef = 78F6E30027DB4DA1004A407B /* LaunchScreen.storyboard */; };
		78F6E30527DB4DA1004A407B /* main.m in Sources */ = {isa = PBXBuildFile; fileRef = 78F6E30427DB4DA1004A407B /* main.m */; };
		78F6E30F27DB4DA1004A407B /* BreakPadExtTests.m in Sources */ = {isa = PBXBuildFile; fileRef = 78F6E30E27DB4DA1004A407B /* BreakPadExtTests.m */; };
		78F6E31927DB4DA1004A407B /* BreakPadExtUITests.m in Sources */ = {isa = PBXBuildFile; fileRef = 78F6E31827DB4DA1004A407B /* BreakPadExtUITests.m */; };
		78F6E31B27DB4DA1004A407B /* BreakPadExtUITestsLaunchTests.m in Sources */ = {isa = PBXBuildFile; fileRef = 78F6E31A27DB4DA1004A407B /* BreakPadExtUITestsLaunchTests.m */; };
		78F6E33C27DEE353004A407B /* CoreData.framework in Frameworks */ = {isa = PBXBuildFile; fileRef = 78F6E33B27DEE353004A407B /* CoreData.framework */; };
		CB49D1E9B3734BB3D3B7BC41 /* libPods-BreakPadExt_Example.a in Frameworks */ = {isa = PBXBuildFile; fileRef = EC65CD0AA231F0175543283E /* libPods-BreakPadExt_Example.a */; };
/* End PBXBuildFile section */

/* Begin PBXContainerItemProxy section */
		78F6E30B27DB4DA1004A407B /* PBXContainerItemProxy */ = {
			isa = PBXContainerItemProxy;
			containerPortal = 78F6E2E427DB4D9F004A407B /* Project object */;
			proxyType = 1;
			remoteGlobalIDString = 78F6E2EB27DB4D9F004A407B;
			remoteInfo = BreakPadExt;
		};
		78F6E31527DB4DA1004A407B /* PBXContainerItemProxy */ = {
			isa = PBXContainerItemProxy;
			containerPortal = 78F6E2E427DB4D9F004A407B /* Project object */;
			proxyType = 1;
			remoteGlobalIDString = 78F6E2EB27DB4D9F004A407B;
			remoteInfo = BreakPadExt;
		};
/* End PBXContainerItemProxy section */

/* Begin PBXFileReference section */
		009A07E3F7CAF11D33CA3575 /* Pods-BreakPadExtTests.debug.xcconfig */ = {isa = PBXFileReference; includeInIndex = 1; lastKnownFileType = text.xcconfig; name = "Pods-BreakPadExtTests.debug.xcconfig"; path = "Target Support Files/Pods-BreakPadExtTests/Pods-BreakPadExtTests.debug.xcconfig"; sourceTree = "<group>"; };
		1CEE69BB8D00A97EBDD6E525 /* Pods-BreakPadExtUITests.debug.xcconfig */ = {isa = PBXFileReference; includeInIndex = 1; lastKnownFileType = text.xcconfig; name = "Pods-BreakPadExtUITests.debug.xcconfig"; path = "Target Support Files/Pods-BreakPadExtUITests/Pods-BreakPadExtUITests.debug.xcconfig"; sourceTree = "<group>"; };
		31053080C868CC2CDD29C3C4 /* Pods-BreakPadExtUITests.release.xcconfig */ = {isa = PBXFileReference; includeInIndex = 1; lastKnownFileType = text.xcconfig; name = "Pods-BreakPadExtUITests.release.xcconfig"; path = "Target Support Files/Pods-BreakPadExtUITests/Pods-BreakPadExtUITests.release.xcconfig"; sourceTree = "<group>"; };
		45BCB5466594A927A816EC72 /* libPods-BreakPadExtUITests.a */ = {isa = PBXFileReference; explicitFileType = archive.ar; includeInIndex = 0; path = "libPods-BreakPadExtUITests.a"; sourceTree = BUILT_PRODUCTS_DIR; };
		53D16C4B44C8CDC7CCD7C3EB /* Pods-BreakPadExt_Example.release.xcconfig */ = {isa = PBXFileReference; includeInIndex = 1; lastKnownFileType = text.xcconfig; name = "Pods-BreakPadExt_Example.release.xcconfig"; path = "Target Support Files/Pods-BreakPadExt_Example/Pods-BreakPadExt_Example.release.xcconfig"; sourceTree = "<group>"; };
		75E568ED717FB8B9E3EFBBA8 /* Pods-BreakPadExtTests.release.xcconfig */ = {isa = PBXFileReference; includeInIndex = 1; lastKnownFileType = text.xcconfig; name = "Pods-BreakPadExtTests.release.xcconfig"; path = "Target Support Files/Pods-BreakPadExtTests/Pods-BreakPadExtTests.release.xcconfig"; sourceTree = "<group>"; };
		78F6E2EC27DB4D9F004A407B /* BreakPadExt_Example.app */ = {isa = PBXFileReference; explicitFileType = wrapper.application; includeInIndex = 0; path = BreakPadExt_Example.app; sourceTree = BUILT_PRODUCTS_DIR; };
		78F6E2EF27DB4D9F004A407B /* BPCrashAppDelegate.h */ = {isa = PBXFileReference; lastKnownFileType = sourcecode.c.h; path = BPCrashAppDelegate.h; sourceTree = "<group>"; };
		78F6E2F027DB4D9F004A407B /* BPCrashAppDelegate.m */ = {isa = PBXFileReference; lastKnownFileType = sourcecode.c.objc; path = BPCrashAppDelegate.m; sourceTree = "<group>"; };
		78F6E2F227DB4D9F004A407B /* SceneDelegate.h */ = {isa = PBXFileReference; lastKnownFileType = sourcecode.c.h; path = SceneDelegate.h; sourceTree = "<group>"; };
		78F6E2F327DB4D9F004A407B /* SceneDelegate.m */ = {isa = PBXFileReference; lastKnownFileType = sourcecode.c.objc; path = SceneDelegate.m; sourceTree = "<group>"; };
		78F6E2F527DB4D9F004A407B /* BPCrashViewController.h */ = {isa = PBXFileReference; lastKnownFileType = sourcecode.c.h; path = BPCrashViewController.h; sourceTree = "<group>"; };
		78F6E2F627DB4D9F004A407B /* BPCrashViewController.m */ = {isa = PBXFileReference; lastKnownFileType = sourcecode.c.objc; path = BPCrashViewController.m; sourceTree = "<group>"; };
		78F6E2F927DB4D9F004A407B /* Base */ = {isa = PBXFileReference; lastKnownFileType = file.storyboard; name = Base; path = Base.lproj/Main.storyboard; sourceTree = "<group>"; };
		78F6E2FC27DB4D9F004A407B /* BreakPadExt.xcdatamodel */ = {isa = PBXFileReference; lastKnownFileType = wrapper.xcdatamodel; path = BreakPadExt.xcdatamodel; sourceTree = "<group>"; };
		78F6E2FE27DB4DA1004A407B /* Assets.xcassets */ = {isa = PBXFileReference; lastKnownFileType = folder.assetcatalog; path = Assets.xcassets; sourceTree = "<group>"; };
		78F6E30127DB4DA1004A407B /* Base */ = {isa = PBXFileReference; lastKnownFileType = file.storyboard; name = Base; path = Base.lproj/LaunchScreen.storyboard; sourceTree = "<group>"; };
		78F6E30327DB4DA1004A407B /* Info.plist */ = {isa = PBXFileReference; lastKnownFileType = text.plist.xml; path = Info.plist; sourceTree = "<group>"; };
		78F6E30427DB4DA1004A407B /* main.m */ = {isa = PBXFileReference; lastKnownFileType = sourcecode.c.objc; path = main.m; sourceTree = "<group>"; };
		78F6E30A27DB4DA1004A407B /* BreakPadExtTests.xctest */ = {isa = PBXFileReference; explicitFileType = wrapper.cfbundle; includeInIndex = 0; path = BreakPadExtTests.xctest; sourceTree = BUILT_PRODUCTS_DIR; };
		78F6E30E27DB4DA1004A407B /* BreakPadExtTests.m */ = {isa = PBXFileReference; lastKnownFileType = sourcecode.c.objc; path = BreakPadExtTests.m; sourceTree = "<group>"; };
		78F6E31427DB4DA1004A407B /* BreakPadExtUITests.xctest */ = {isa = PBXFileReference; explicitFileType = wrapper.cfbundle; includeInIndex = 0; path = BreakPadExtUITests.xctest; sourceTree = BUILT_PRODUCTS_DIR; };
		78F6E31827DB4DA1004A407B /* BreakPadExtUITests.m */ = {isa = PBXFileReference; lastKnownFileType = sourcecode.c.objc; path = BreakPadExtUITests.m; sourceTree = "<group>"; };
		78F6E31A27DB4DA1004A407B /* BreakPadExtUITestsLaunchTests.m */ = {isa = PBXFileReference; lastKnownFileType = sourcecode.c.objc; path = BreakPadExtUITestsLaunchTests.m; sourceTree = "<group>"; };
		78F6E33B27DEE353004A407B /* CoreData.framework */ = {isa = PBXFileReference; lastKnownFileType = wrapper.framework; name = CoreData.framework; path = System/Library/Frameworks/CoreData.framework; sourceTree = SDKROOT; };
		78F6E33D27DEE4A8004A407B /* Person+CoreDataProperties.m */ = {isa = PBXFileReference; fileEncoding = 4; lastKnownFileType = sourcecode.c.objc; path = "Person+CoreDataProperties.m"; sourceTree = "<group>"; };
		78F6E33E27DEE4A8004A407B /* GroupMembers+CoreDataProperties.h */ = {isa = PBXFileReference; fileEncoding = 4; lastKnownFileType = sourcecode.c.h; path = "GroupMembers+CoreDataProperties.h"; sourceTree = "<group>"; };
		78F6E33F27DEE4A8004A407B /* GroupMembers+CoreDataClass.h */ = {isa = PBXFileReference; fileEncoding = 4; lastKnownFileType = sourcecode.c.h; path = "GroupMembers+CoreDataClass.h"; sourceTree = "<group>"; };
		78F6E34027DEE4A8004A407B /* Group+CoreDataProperties.m */ = {isa = PBXFileReference; fileEncoding = 4; lastKnownFileType = sourcecode.c.objc; path = "Group+CoreDataProperties.m"; sourceTree = "<group>"; };
		78F6E34127DEE4A8004A407B /* Person+CoreDataClass.h */ = {isa = PBXFileReference; fileEncoding = 4; lastKnownFileType = sourcecode.c.h; path = "Person+CoreDataClass.h"; sourceTree = "<group>"; };
		78F6E34227DEE4A8004A407B /* Group+CoreDataProperties.h */ = {isa = PBXFileReference; fileEncoding = 4; lastKnownFileType = sourcecode.c.h; path = "Group+CoreDataProperties.h"; sourceTree = "<group>"; };
		78F6E34327DEE4A8004A407B /* GroupMembers+CoreDataProperties.m */ = {isa = PBXFileReference; fileEncoding = 4; lastKnownFileType = sourcecode.c.objc; path = "GroupMembers+CoreDataProperties.m"; sourceTree = "<group>"; };
		78F6E34427DEE4A8004A407B /* Person+CoreDataClass.m */ = {isa = PBXFileReference; fileEncoding = 4; lastKnownFileType = sourcecode.c.objc; path = "Person+CoreDataClass.m"; sourceTree = "<group>"; };
		78F6E34527DEE4A8004A407B /* Person+CoreDataProperties.h */ = {isa = PBXFileReference; fileEncoding = 4; lastKnownFileType = sourcecode.c.h; path = "Person+CoreDataProperties.h"; sourceTree = "<group>"; };
		78F6E34627DEE4A8004A407B /* Group+CoreDataClass.m */ = {isa = PBXFileReference; fileEncoding = 4; lastKnownFileType = sourcecode.c.objc; path = "Group+CoreDataClass.m"; sourceTree = "<group>"; };
		78F6E34727DEE4A9004A407B /* Group+CoreDataClass.h */ = {isa = PBXFileReference; fileEncoding = 4; lastKnownFileType = sourcecode.c.h; path = "Group+CoreDataClass.h"; sourceTree = "<group>"; };
		78F6E34827DEE4A9004A407B /* GroupMembers+CoreDataClass.m */ = {isa = PBXFileReference; fileEncoding = 4; lastKnownFileType = sourcecode.c.objc; path = "GroupMembers+CoreDataClass.m"; sourceTree = "<group>"; };
		C30C1EAAE5D318406FDB5B29 /* Pods-BreakPadExt_Example.debug.xcconfig */ = {isa = PBXFileReference; includeInIndex = 1; lastKnownFileType = text.xcconfig; name = "Pods-BreakPadExt_Example.debug.xcconfig"; path = "Target Support Files/Pods-BreakPadExt_Example/Pods-BreakPadExt_Example.debug.xcconfig"; sourceTree = "<group>"; };
		EC65CD0AA231F0175543283E /* libPods-BreakPadExt_Example.a */ = {isa = PBXFileReference; explicitFileType = archive.ar; includeInIndex = 0; path = "libPods-BreakPadExt_Example.a"; sourceTree = BUILT_PRODUCTS_DIR; };
		EE83DF182F05DEFDE4E045B1 /* libPods-BreakPadExtTests.a */ = {isa = PBXFileReference; explicitFileType = archive.ar; includeInIndex = 0; path = "libPods-BreakPadExtTests.a"; sourceTree = BUILT_PRODUCTS_DIR; };
/* End PBXFileReference section */

/* Begin PBXFrameworksBuildPhase section */
		78F6E2E927DB4D9F004A407B /* Frameworks */ = {
			isa = PBXFrameworksBuildPhase;
			buildActionMask = 2147483647;
			files = (
				78F6E33C27DEE353004A407B /* CoreData.framework in Frameworks */,
				CB49D1E9B3734BB3D3B7BC41 /* libPods-BreakPadExt_Example.a in Frameworks */,
			);
			runOnlyForDeploymentPostprocessing = 0;
		};
		78F6E30727DB4DA1004A407B /* Frameworks */ = {
			isa = PBXFrameworksBuildPhase;
			buildActionMask = 2147483647;
			files = (
				39DF5F5CF2786C54AB1673B8 /* libPods-BreakPadExtTests.a in Frameworks */,
			);
			runOnlyForDeploymentPostprocessing = 0;
		};
		78F6E31127DB4DA1004A407B /* Frameworks */ = {
			isa = PBXFrameworksBuildPhase;
			buildActionMask = 2147483647;
			files = (
				646BD07C8B13699304D244B9 /* libPods-BreakPadExtUITests.a in Frameworks */,
			);
			runOnlyForDeploymentPostprocessing = 0;
		};
/* End PBXFrameworksBuildPhase section */

/* Begin PBXGroup section */
		133644699843C4C022B36994 /* Pods */ = {
			isa = PBXGroup;
			children = (
				009A07E3F7CAF11D33CA3575 /* Pods-BreakPadExtTests.debug.xcconfig */,
				75E568ED717FB8B9E3EFBBA8 /* Pods-BreakPadExtTests.release.xcconfig */,
				1CEE69BB8D00A97EBDD6E525 /* Pods-BreakPadExtUITests.debug.xcconfig */,
				31053080C868CC2CDD29C3C4 /* Pods-BreakPadExtUITests.release.xcconfig */,
				C30C1EAAE5D318406FDB5B29 /* Pods-BreakPadExt_Example.debug.xcconfig */,
				53D16C4B44C8CDC7CCD7C3EB /* Pods-BreakPadExt_Example.release.xcconfig */,
			);
			path = Pods;
			sourceTree = "<group>";
		};
		78F6E2E327DB4D9F004A407B = {
			isa = PBXGroup;
			children = (
				78F6E2EE27DB4D9F004A407B /* BreakPadExt */,
				78F6E30D27DB4DA1004A407B /* BreakPadExtTests */,
				78F6E31727DB4DA1004A407B /* BreakPadExtUITests */,
				78F6E2ED27DB4D9F004A407B /* Products */,
				133644699843C4C022B36994 /* Pods */,
				90434CD48AF074990892855E /* Frameworks */,
			);
			sourceTree = "<group>";
		};
		78F6E2ED27DB4D9F004A407B /* Products */ = {
			isa = PBXGroup;
			children = (
				78F6E2EC27DB4D9F004A407B /* BreakPadExt_Example.app */,
				78F6E30A27DB4DA1004A407B /* BreakPadExtTests.xctest */,
				78F6E31427DB4DA1004A407B /* BreakPadExtUITests.xctest */,
			);
			name = Products;
			sourceTree = "<group>";
		};
		78F6E2EE27DB4D9F004A407B /* BreakPadExt */ = {
			isa = PBXGroup;
			children = (
				78F6E32827DEDFF8004A407B /* CoreData */,
				78F6E2EF27DB4D9F004A407B /* BPCrashAppDelegate.h */,
				78F6E2F027DB4D9F004A407B /* BPCrashAppDelegate.m */,
				78F6E2F227DB4D9F004A407B /* SceneDelegate.h */,
				78F6E2F327DB4D9F004A407B /* SceneDelegate.m */,
				78F6E2F527DB4D9F004A407B /* BPCrashViewController.h */,
				78F6E2F627DB4D9F004A407B /* BPCrashViewController.m */,
				78F6E2F827DB4D9F004A407B /* Main.storyboard */,
				78F6E2FE27DB4DA1004A407B /* Assets.xcassets */,
				78F6E30027DB4DA1004A407B /* LaunchScreen.storyboard */,
				78F6E30327DB4DA1004A407B /* Info.plist */,
				78F6E30427DB4DA1004A407B /* main.m */,
				78F6E2FB27DB4D9F004A407B /* BreakPadExt.xcdatamodeld */,
			);
			path = BreakPadExt;
			sourceTree = "<group>";
		};
		78F6E30D27DB4DA1004A407B /* BreakPadExtTests */ = {
			isa = PBXGroup;
			children = (
				78F6E30E27DB4DA1004A407B /* BreakPadExtTests.m */,
			);
			path = BreakPadExtTests;
			sourceTree = "<group>";
		};
		78F6E31727DB4DA1004A407B /* BreakPadExtUITests */ = {
			isa = PBXGroup;
			children = (
				78F6E31827DB4DA1004A407B /* BreakPadExtUITests.m */,
				78F6E31A27DB4DA1004A407B /* BreakPadExtUITestsLaunchTests.m */,
			);
			path = BreakPadExtUITests;
			sourceTree = "<group>";
		};
		78F6E32827DEDFF8004A407B /* CoreData */ = {
			isa = PBXGroup;
			children = (
				78F6E34727DEE4A9004A407B /* Group+CoreDataClass.h */,
				78F6E34627DEE4A8004A407B /* Group+CoreDataClass.m */,
				78F6E34227DEE4A8004A407B /* Group+CoreDataProperties.h */,
				78F6E34027DEE4A8004A407B /* Group+CoreDataProperties.m */,
				78F6E33F27DEE4A8004A407B /* GroupMembers+CoreDataClass.h */,
				78F6E34827DEE4A9004A407B /* GroupMembers+CoreDataClass.m */,
				78F6E33E27DEE4A8004A407B /* GroupMembers+CoreDataProperties.h */,
				78F6E34327DEE4A8004A407B /* GroupMembers+CoreDataProperties.m */,
				78F6E34127DEE4A8004A407B /* Person+CoreDataClass.h */,
				78F6E34427DEE4A8004A407B /* Person+CoreDataClass.m */,
				78F6E34527DEE4A8004A407B /* Person+CoreDataProperties.h */,
				78F6E33D27DEE4A8004A407B /* Person+CoreDataProperties.m */,
			);
			path = CoreData;
			sourceTree = "<group>";
		};
		90434CD48AF074990892855E /* Frameworks */ = {
			isa = PBXGroup;
			children = (
				78F6E33B27DEE353004A407B /* CoreData.framework */,
				EE83DF182F05DEFDE4E045B1 /* libPods-BreakPadExtTests.a */,
				45BCB5466594A927A816EC72 /* libPods-BreakPadExtUITests.a */,
				EC65CD0AA231F0175543283E /* libPods-BreakPadExt_Example.a */,
			);
			name = Frameworks;
			sourceTree = "<group>";
		};
/* End PBXGroup section */

/* Begin PBXNativeTarget section */
		78F6E2EB27DB4D9F004A407B /* BreakPadExt_Example */ = {
			isa = PBXNativeTarget;
			buildConfigurationList = 78F6E31E27DB4DA1004A407B /* Build configuration list for PBXNativeTarget "BreakPadExt_Example" */;
			buildPhases = (
				121DABAAD0A09FF703EB08DB /* [CP] Check Pods Manifest.lock */,
				78F6E2E827DB4D9F004A407B /* Sources */,
				78F6E2E927DB4D9F004A407B /* Frameworks */,
				78F6E2EA27DB4D9F004A407B /* Resources */,
				5980A981809153B4EE650E93 /* [CP] Copy Pods Resources */,
			);
			buildRules = (
			);
			dependencies = (
			);
			name = BreakPadExt_Example;
			productName = BreakPadExt;
			productReference = 78F6E2EC27DB4D9F004A407B /* BreakPadExt_Example.app */;
			productType = "com.apple.product-type.application";
		};
		78F6E30927DB4DA1004A407B /* BreakPadExtTests */ = {
			isa = PBXNativeTarget;
			buildConfigurationList = 78F6E32127DB4DA1004A407B /* Build configuration list for PBXNativeTarget "BreakPadExtTests" */;
			buildPhases = (
				9C23CBC5BA207B8D12F779C7 /* [CP] Check Pods Manifest.lock */,
				78F6E30627DB4DA1004A407B /* Sources */,
				78F6E30727DB4DA1004A407B /* Frameworks */,
				78F6E30827DB4DA1004A407B /* Resources */,
			);
			buildRules = (
			);
			dependencies = (
				78F6E30C27DB4DA1004A407B /* PBXTargetDependency */,
			);
			name = BreakPadExtTests;
			productName = BreakPadExtTests;
			productReference = 78F6E30A27DB4DA1004A407B /* BreakPadExtTests.xctest */;
			productType = "com.apple.product-type.bundle.unit-test";
		};
		78F6E31327DB4DA1004A407B /* BreakPadExtUITests */ = {
			isa = PBXNativeTarget;
			buildConfigurationList = 78F6E32427DB4DA1004A407B /* Build configuration list for PBXNativeTarget "BreakPadExtUITests" */;
			buildPhases = (
				82D6EF158538B45E4B91D7C8 /* [CP] Check Pods Manifest.lock */,
				78F6E31027DB4DA1004A407B /* Sources */,
				78F6E31127DB4DA1004A407B /* Frameworks */,
				78F6E31227DB4DA1004A407B /* Resources */,
			);
			buildRules = (
			);
			dependencies = (
				78F6E31627DB4DA1004A407B /* PBXTargetDependency */,
			);
			name = BreakPadExtUITests;
			productName = BreakPadExtUITests;
			productReference = 78F6E31427DB4DA1004A407B /* BreakPadExtUITests.xctest */;
			productType = "com.apple.product-type.bundle.ui-testing";
		};
/* End PBXNativeTarget section */

/* Begin PBXProject section */
		78F6E2E427DB4D9F004A407B /* Project object */ = {
			isa = PBXProject;
			attributes = {
				BuildIndependentTargetsInParallel = 1;
				LastUpgradeCheck = 1320;
				TargetAttributes = {
					78F6E2EB27DB4D9F004A407B = {
						CreatedOnToolsVersion = 13.2.1;
					};
					78F6E30927DB4DA1004A407B = {
						CreatedOnToolsVersion = 13.2.1;
						TestTargetID = 78F6E2EB27DB4D9F004A407B;
					};
					78F6E31327DB4DA1004A407B = {
						CreatedOnToolsVersion = 13.2.1;
						TestTargetID = 78F6E2EB27DB4D9F004A407B;
					};
				};
			};
			buildConfigurationList = 78F6E2E727DB4D9F004A407B /* Build configuration list for PBXProject "BreakPadExt" */;
			compatibilityVersion = "Xcode 12.0";
			developmentRegion = en;
			hasScannedForEncodings = 0;
			knownRegions = (
				en,
				Base,
			);
			mainGroup = 78F6E2E327DB4D9F004A407B;
			productRefGroup = 78F6E2ED27DB4D9F004A407B /* Products */;
			projectDirPath = "";
			projectRoot = "";
			targets = (
				78F6E2EB27DB4D9F004A407B /* BreakPadExt_Example */,
				78F6E30927DB4DA1004A407B /* BreakPadExtTests */,
				78F6E31327DB4DA1004A407B /* BreakPadExtUITests */,
			);
		};
/* End PBXProject section */

/* Begin PBXResourcesBuildPhase section */
		78F6E2EA27DB4D9F004A407B /* Resources */ = {
			isa = PBXResourcesBuildPhase;
			buildActionMask = 2147483647;
			files = (
				78F6E30227DB4DA1004A407B /* LaunchScreen.storyboard in Resources */,
				78F6E2FF27DB4DA1004A407B /* Assets.xcassets in Resources */,
				78F6E2FA27DB4D9F004A407B /* Main.storyboard in Resources */,
			);
			runOnlyForDeploymentPostprocessing = 0;
		};
		78F6E30827DB4DA1004A407B /* Resources */ = {
			isa = PBXResourcesBuildPhase;
			buildActionMask = 2147483647;
			files = (
			);
			runOnlyForDeploymentPostprocessing = 0;
		};
		78F6E31227DB4DA1004A407B /* Resources */ = {
			isa = PBXResourcesBuildPhase;
			buildActionMask = 2147483647;
			files = (
			);
			runOnlyForDeploymentPostprocessing = 0;
		};
/* End PBXResourcesBuildPhase section */

/* Begin PBXShellScriptBuildPhase section */
		121DABAAD0A09FF703EB08DB /* [CP] Check Pods Manifest.lock */ = {
			isa = PBXShellScriptBuildPhase;
			buildActionMask = 2147483647;
			files = (
			);
			inputFileListPaths = (
			);
			inputPaths = (
				"${PODS_PODFILE_DIR_PATH}/Podfile.lock",
				"${PODS_ROOT}/Manifest.lock",
			);
			name = "[CP] Check Pods Manifest.lock";
			outputFileListPaths = (
			);
			outputPaths = (
				"$(DERIVED_FILE_DIR)/Pods-BreakPadExt_Example-checkManifestLockResult.txt",
			);
			runOnlyForDeploymentPostprocessing = 0;
			shellPath = /bin/sh;
			shellScript = "diff \"${PODS_PODFILE_DIR_PATH}/Podfile.lock\" \"${PODS_ROOT}/Manifest.lock\" > /dev/null\nif [ $? != 0 ] ; then\n    # print error to STDERR\n    echo \"error: The sandbox is not in sync with the Podfile.lock. Run 'pod install' or update your CocoaPods installation.\" >&2\n    exit 1\nfi\n# This output is used by Xcode 'outputs' to avoid re-running this script phase.\necho \"SUCCESS\" > \"${SCRIPT_OUTPUT_FILE_0}\"\n";
			showEnvVarsInLog = 0;
		};
		5980A981809153B4EE650E93 /* [CP] Copy Pods Resources */ = {
			isa = PBXShellScriptBuildPhase;
			buildActionMask = 2147483647;
			files = (
			);
			inputFileListPaths = (
				"${PODS_ROOT}/Target Support Files/Pods-BreakPadExt_Example/Pods-BreakPadExt_Example-resources-${CONFIGURATION}-input-files.xcfilelist",
			);
			name = "[CP] Copy Pods Resources";
			outputFileListPaths = (
				"${PODS_ROOT}/Target Support Files/Pods-BreakPadExt_Example/Pods-BreakPadExt_Example-resources-${CONFIGURATION}-output-files.xcfilelist",
			);
			runOnlyForDeploymentPostprocessing = 0;
			shellPath = /bin/sh;
			shellScript = "\"${PODS_ROOT}/Target Support Files/Pods-BreakPadExt_Example/Pods-BreakPadExt_Example-resources.sh\"\n";
			showEnvVarsInLog = 0;
		};
		82D6EF158538B45E4B91D7C8 /* [CP] Check Pods Manifest.lock */ = {
			isa = PBXShellScriptBuildPhase;
			buildActionMask = 2147483647;
			files = (
			);
			inputFileListPaths = (
			);
			inputPaths = (
				"${PODS_PODFILE_DIR_PATH}/Podfile.lock",
				"${PODS_ROOT}/Manifest.lock",
			);
			name = "[CP] Check Pods Manifest.lock";
			outputFileListPaths = (
			);
			outputPaths = (
				"$(DERIVED_FILE_DIR)/Pods-BreakPadExtUITests-checkManifestLockResult.txt",
			);
			runOnlyForDeploymentPostprocessing = 0;
			shellPath = /bin/sh;
			shellScript = "diff \"${PODS_PODFILE_DIR_PATH}/Podfile.lock\" \"${PODS_ROOT}/Manifest.lock\" > /dev/null\nif [ $? != 0 ] ; then\n    # print error to STDERR\n    echo \"error: The sandbox is not in sync with the Podfile.lock. Run 'pod install' or update your CocoaPods installation.\" >&2\n    exit 1\nfi\n# This output is used by Xcode 'outputs' to avoid re-running this script phase.\necho \"SUCCESS\" > \"${SCRIPT_OUTPUT_FILE_0}\"\n";
			showEnvVarsInLog = 0;
		};
		9C23CBC5BA207B8D12F779C7 /* [CP] Check Pods Manifest.lock */ = {
			isa = PBXShellScriptBuildPhase;
			buildActionMask = 2147483647;
			files = (
			);
			inputFileListPaths = (
			);
			inputPaths = (
				"${PODS_PODFILE_DIR_PATH}/Podfile.lock",
				"${PODS_ROOT}/Manifest.lock",
			);
			name = "[CP] Check Pods Manifest.lock";
			outputFileListPaths = (
			);
			outputPaths = (
				"$(DERIVED_FILE_DIR)/Pods-BreakPadExtTests-checkManifestLockResult.txt",
			);
			runOnlyForDeploymentPostprocessing = 0;
			shellPath = /bin/sh;
			shellScript = "diff \"${PODS_PODFILE_DIR_PATH}/Podfile.lock\" \"${PODS_ROOT}/Manifest.lock\" > /dev/null\nif [ $? != 0 ] ; then\n    # print error to STDERR\n    echo \"error: The sandbox is not in sync with the Podfile.lock. Run 'pod install' or update your CocoaPods installation.\" >&2\n    exit 1\nfi\n# This output is used by Xcode 'outputs' to avoid re-running this script phase.\necho \"SUCCESS\" > \"${SCRIPT_OUTPUT_FILE_0}\"\n";
			showEnvVarsInLog = 0;
		};
/* End PBXShellScriptBuildPhase section */

/* Begin PBXSourcesBuildPhase section */
		78F6E2E827DB4D9F004A407B /* Sources */ = {
			isa = PBXSourcesBuildPhase;
			buildActionMask = 2147483647;
			files = (
				78F6E30527DB4DA1004A407B /* main.m in Sources */,
				78F6E2F727DB4D9F004A407B /* BPCrashViewController.m in Sources */,
				78F6E2F127DB4D9F004A407B /* BPCrashAppDelegate.m in Sources */,
				78F6E2F427DB4D9F004A407B /* SceneDelegate.m in Sources */,
				78F6E2FD27DB4D9F004A407B /* BreakPadExt.xcdatamodeld in Sources */,
			);
			runOnlyForDeploymentPostprocessing = 0;
		};
		78F6E30627DB4DA1004A407B /* Sources */ = {
			isa = PBXSourcesBuildPhase;
			buildActionMask = 2147483647;
			files = (
				78F6E30F27DB4DA1004A407B /* BreakPadExtTests.m in Sources */,
			);
			runOnlyForDeploymentPostprocessing = 0;
		};
		78F6E31027DB4DA1004A407B /* Sources */ = {
			isa = PBXSourcesBuildPhase;
			buildActionMask = 2147483647;
			files = (
				78F6E31B27DB4DA1004A407B /* BreakPadExtUITestsLaunchTests.m in Sources */,
				78F6E31927DB4DA1004A407B /* BreakPadExtUITests.m in Sources */,
			);
			runOnlyForDeploymentPostprocessing = 0;
		};
/* End PBXSourcesBuildPhase section */

/* Begin PBXTargetDependency section */
		78F6E30C27DB4DA1004A407B /* PBXTargetDependency */ = {
			isa = PBXTargetDependency;
			target = 78F6E2EB27DB4D9F004A407B /* BreakPadExt_Example */;
			targetProxy = 78F6E30B27DB4DA1004A407B /* PBXContainerItemProxy */;
		};
		78F6E31627DB4DA1004A407B /* PBXTargetDependency */ = {
			isa = PBXTargetDependency;
			target = 78F6E2EB27DB4D9F004A407B /* BreakPadExt_Example */;
			targetProxy = 78F6E31527DB4DA1004A407B /* PBXContainerItemProxy */;
		};
/* End PBXTargetDependency section */

/* Begin PBXVariantGroup section */
		78F6E2F827DB4D9F004A407B /* Main.storyboard */ = {
			isa = PBXVariantGroup;
			children = (
				78F6E2F927DB4D9F004A407B /* Base */,
			);
			name = Main.storyboard;
			sourceTree = "<group>";
		};
		78F6E30027DB4DA1004A407B /* LaunchScreen.storyboard */ = {
			isa = PBXVariantGroup;
			children = (
				78F6E30127DB4DA1004A407B /* Base */,
			);
			name = LaunchScreen.storyboard;
			sourceTree = "<group>";
		};
/* End PBXVariantGroup section */

/* Begin XCBuildConfiguration section */
		78F6E31C27DB4DA1004A407B /* Debug */ = {
			isa = XCBuildConfiguration;
			buildSettings = {
				ALWAYS_SEARCH_USER_PATHS = NO;
				CLANG_ANALYZER_NONNULL = YES;
				CLANG_ANALYZER_NUMBER_OBJECT_CONVERSION = YES_AGGRESSIVE;
				CLANG_CXX_LANGUAGE_STANDARD = "gnu++17";
				CLANG_CXX_LIBRARY = "libc++";
				CLANG_ENABLE_MODULES = YES;
				CLANG_ENABLE_OBJC_ARC = YES;
				CLANG_ENABLE_OBJC_WEAK = YES;
				CLANG_WARN_BLOCK_CAPTURE_AUTORELEASING = YES;
				CLANG_WARN_BOOL_CONVERSION = YES;
				CLANG_WARN_COMMA = YES;
				CLANG_WARN_CONSTANT_CONVERSION = YES;
				CLANG_WARN_DEPRECATED_OBJC_IMPLEMENTATIONS = YES;
				CLANG_WARN_DIRECT_OBJC_ISA_USAGE = YES_ERROR;
				CLANG_WARN_DOCUMENTATION_COMMENTS = YES;
				CLANG_WARN_EMPTY_BODY = YES;
				CLANG_WARN_ENUM_CONVERSION = YES;
				CLANG_WARN_INFINITE_RECURSION = YES;
				CLANG_WARN_INT_CONVERSION = YES;
				CLANG_WARN_NON_LITERAL_NULL_CONVERSION = YES;
				CLANG_WARN_OBJC_IMPLICIT_RETAIN_SELF = YES;
				CLANG_WARN_OBJC_LITERAL_CONVERSION = YES;
				CLANG_WARN_OBJC_ROOT_CLASS = YES_ERROR;
				CLANG_WARN_QUOTED_INCLUDE_IN_FRAMEWORK_HEADER = YES;
				CLANG_WARN_RANGE_LOOP_ANALYSIS = YES;
				CLANG_WARN_STRICT_PROTOTYPES = YES;
				CLANG_WARN_SUSPICIOUS_MOVE = YES;
				CLANG_WARN_UNGUARDED_AVAILABILITY = YES_AGGRESSIVE;
				CLANG_WARN_UNREACHABLE_CODE = YES;
				CLANG_WARN__DUPLICATE_METHOD_MATCH = YES;
				COPY_PHASE_STRIP = NO;
				DEBUG_INFORMATION_FORMAT = "dwarf-with-dsym";
				ENABLE_STRICT_OBJC_MSGSEND = YES;
				ENABLE_TESTABILITY = YES;
				GCC_C_LANGUAGE_STANDARD = gnu11;
				GCC_DYNAMIC_NO_PIC = NO;
				GCC_NO_COMMON_BLOCKS = YES;
				GCC_OPTIMIZATION_LEVEL = 0;
				GCC_PREPROCESSOR_DEFINITIONS = (
					"DEBUG=1",
					"$(inherited)",
				);
				GCC_WARN_64_TO_32_BIT_CONVERSION = YES;
				GCC_WARN_ABOUT_RETURN_TYPE = YES_ERROR;
				GCC_WARN_UNDECLARED_SELECTOR = YES;
				GCC_WARN_UNINITIALIZED_AUTOS = YES_AGGRESSIVE;
				GCC_WARN_UNUSED_FUNCTION = YES;
				GCC_WARN_UNUSED_VARIABLE = YES;
				IPHONEOS_DEPLOYMENT_TARGET = 15.2;
				MTL_ENABLE_DEBUG_INFO = INCLUDE_SOURCE;
				MTL_FAST_MATH = YES;
				ONLY_ACTIVE_ARCH = YES;
				SDKROOT = iphoneos;
			};
			name = Debug;
		};
		78F6E31D27DB4DA1004A407B /* Release */ = {
			isa = XCBuildConfiguration;
			buildSettings = {
				ALWAYS_SEARCH_USER_PATHS = NO;
				CLANG_ANALYZER_NONNULL = YES;
				CLANG_ANALYZER_NUMBER_OBJECT_CONVERSION = YES_AGGRESSIVE;
				CLANG_CXX_LANGUAGE_STANDARD = "gnu++17";
				CLANG_CXX_LIBRARY = "libc++";
				CLANG_ENABLE_MODULES = YES;
				CLANG_ENABLE_OBJC_ARC = YES;
				CLANG_ENABLE_OBJC_WEAK = YES;
				CLANG_WARN_BLOCK_CAPTURE_AUTORELEASING = YES;
				CLANG_WARN_BOOL_CONVERSION = YES;
				CLANG_WARN_COMMA = YES;
				CLANG_WARN_CONSTANT_CONVERSION = YES;
				CLANG_WARN_DEPRECATED_OBJC_IMPLEMENTATIONS = YES;
				CLANG_WARN_DIRECT_OBJC_ISA_USAGE = YES_ERROR;
				CLANG_WARN_DOCUMENTATION_COMMENTS = YES;
				CLANG_WARN_EMPTY_BODY = YES;
				CLANG_WARN_ENUM_CONVERSION = YES;
				CLANG_WARN_INFINITE_RECURSION = YES;
				CLANG_WARN_INT_CONVERSION = YES;
				CLANG_WARN_NON_LITERAL_NULL_CONVERSION = YES;
				CLANG_WARN_OBJC_IMPLICIT_RETAIN_SELF = YES;
				CLANG_WARN_OBJC_LITERAL_CONVERSION = YES;
				CLANG_WARN_OBJC_ROOT_CLASS = YES_ERROR;
				CLANG_WARN_QUOTED_INCLUDE_IN_FRAMEWORK_HEADER = YES;
				CLANG_WARN_RANGE_LOOP_ANALYSIS = YES;
				CLANG_WARN_STRICT_PROTOTYPES = YES;
				CLANG_WARN_SUSPICIOUS_MOVE = YES;
				CLANG_WARN_UNGUARDED_AVAILABILITY = YES_AGGRESSIVE;
				CLANG_WARN_UNREACHABLE_CODE = YES;
				CLANG_WARN__DUPLICATE_METHOD_MATCH = YES;
				COPY_PHASE_STRIP = NO;
				DEBUG_INFORMATION_FORMAT = "dwarf-with-dsym";
				ENABLE_NS_ASSERTIONS = NO;
				ENABLE_STRICT_OBJC_MSGSEND = YES;
				GCC_C_LANGUAGE_STANDARD = gnu11;
				GCC_NO_COMMON_BLOCKS = YES;
				GCC_WARN_64_TO_32_BIT_CONVERSION = YES;
				GCC_WARN_ABOUT_RETURN_TYPE = YES_ERROR;
				GCC_WARN_UNDECLARED_SELECTOR = YES;
				GCC_WARN_UNINITIALIZED_AUTOS = YES_AGGRESSIVE;
				GCC_WARN_UNUSED_FUNCTION = YES;
				GCC_WARN_UNUSED_VARIABLE = YES;
				IPHONEOS_DEPLOYMENT_TARGET = 15.2;
				MTL_ENABLE_DEBUG_INFO = NO;
				MTL_FAST_MATH = YES;
				SDKROOT = iphoneos;
				VALIDATE_PRODUCT = YES;
			};
			name = Release;
		};
		78F6E31F27DB4DA1004A407B /* Debug */ = {
			isa = XCBuildConfiguration;
			baseConfigurationReference = C30C1EAAE5D318406FDB5B29 /* Pods-BreakPadExt_Example.debug.xcconfig */;
			buildSettings = {
				ARCHS = "$(ARCHS_STANDARD)";
				ASSETCATALOG_COMPILER_APPICON_NAME = AppIcon;
				ASSETCATALOG_COMPILER_GLOBAL_ACCENT_COLOR_NAME = AccentColor;
				CODE_SIGN_STYLE = Automatic;
				CURRENT_PROJECT_VERSION = 1;
				DEVELOPMENT_TEAM = 4C39GTGS9D;
				GENERATE_INFOPLIST_FILE = YES;
				HEADER_SEARCH_PATHS = "$(inherited)";
				INFOPLIST_FILE = BreakPadExt/Info.plist;
				INFOPLIST_KEY_UIApplicationSupportsIndirectInputEvents = YES;
				INFOPLIST_KEY_UILaunchStoryboardName = LaunchScreen;
				INFOPLIST_KEY_UIMainStoryboardFile = Main;
				INFOPLIST_KEY_UISupportedInterfaceOrientations_iPad = "UIInterfaceOrientationPortrait UIInterfaceOrientationPortraitUpsideDown UIInterfaceOrientationLandscapeLeft UIInterfaceOrientationLandscapeRight";
				INFOPLIST_KEY_UISupportedInterfaceOrientations_iPhone = "UIInterfaceOrientationPortrait UIInterfaceOrientationLandscapeLeft UIInterfaceOrientationLandscapeRight";
				IPHONEOS_DEPLOYMENT_TARGET = 11.0;
				LD_RUNPATH_SEARCH_PATHS = (
					"$(inherited)",
					"@executable_path/Frameworks",
				);
				MARKETING_VERSION = 1.0;
				PRODUCT_BUNDLE_IDENTIFIER = com.itghost.BreakPadExt;
				PRODUCT_NAME = "$(TARGET_NAME)";
				SWIFT_EMIT_LOC_STRINGS = YES;
				TARGETED_DEVICE_FAMILY = "1,2";
			};
			name = Debug;
		};
		78F6E32027DB4DA1004A407B /* Release */ = {
			isa = XCBuildConfiguration;
			baseConfigurationReference = 53D16C4B44C8CDC7CCD7C3EB /* Pods-BreakPadExt_Example.release.xcconfig */;
			buildSettings = {
				ARCHS = "$(ARCHS_STANDARD)";
				ASSETCATALOG_COMPILER_APPICON_NAME = AppIcon;
				ASSETCATALOG_COMPILER_GLOBAL_ACCENT_COLOR_NAME = AccentColor;
				CODE_SIGN_STYLE = Automatic;
				CURRENT_PROJECT_VERSION = 1;
				DEVELOPMENT_TEAM = 4C39GTGS9D;
				GENERATE_INFOPLIST_FILE = YES;
				HEADER_SEARCH_PATHS = "$(inherited)";
				INFOPLIST_FILE = BreakPadExt/Info.plist;
				INFOPLIST_KEY_UIApplicationSupportsIndirectInputEvents = YES;
				INFOPLIST_KEY_UILaunchStoryboardName = LaunchScreen;
				INFOPLIST_KEY_UIMainStoryboardFile = Main;
				INFOPLIST_KEY_UISupportedInterfaceOrientations_iPad = "UIInterfaceOrientationPortrait UIInterfaceOrientationPortraitUpsideDown UIInterfaceOrientationLandscapeLeft UIInterfaceOrientationLandscapeRight";
				INFOPLIST_KEY_UISupportedInterfaceOrientations_iPhone = "UIInterfaceOrientationPortrait UIInterfaceOrientationLandscapeLeft UIInterfaceOrientationLandscapeRight";
				IPHONEOS_DEPLOYMENT_TARGET = 11.0;
				LD_RUNPATH_SEARCH_PATHS = (
					"$(inherited)",
					"@executable_path/Frameworks",
				);
				MARKETING_VERSION = 1.0;
				PRODUCT_BUNDLE_IDENTIFIER = com.itghost.BreakPadExt;
				PRODUCT_NAME = "$(TARGET_NAME)";
				SWIFT_EMIT_LOC_STRINGS = YES;
				TARGETED_DEVICE_FAMILY = "1,2";
			};
			name = Release;
		};
		78F6E32227DB4DA1004A407B /* Debug */ = {
			isa = XCBuildConfiguration;
			baseConfigurationReference = 009A07E3F7CAF11D33CA3575 /* Pods-BreakPadExtTests.debug.xcconfig */;
			buildSettings = {
				BUNDLE_LOADER = "$(TEST_HOST)";
				CODE_SIGN_STYLE = Automatic;
				CURRENT_PROJECT_VERSION = 1;
				DEVELOPMENT_TEAM = 4C39GTGS9D;
				GENERATE_INFOPLIST_FILE = YES;
				IPHONEOS_DEPLOYMENT_TARGET = 15.2;
				MARKETING_VERSION = 1.0;
				PRODUCT_BUNDLE_IDENTIFIER = com.itghost.BreakPadExtTests;
				PRODUCT_NAME = "$(TARGET_NAME)";
				SWIFT_EMIT_LOC_STRINGS = NO;
				TARGETED_DEVICE_FAMILY = "1,2";
				TEST_HOST = "$(BUILT_PRODUCTS_DIR)/BreakPadExt.app/BreakPadExt";
			};
			name = Debug;
		};
		78F6E32327DB4DA1004A407B /* Release */ = {
			isa = XCBuildConfiguration;
			baseConfigurationReference = 75E568ED717FB8B9E3EFBBA8 /* Pods-BreakPadExtTests.release.xcconfig */;
			buildSettings = {
				BUNDLE_LOADER = "$(TEST_HOST)";
				CODE_SIGN_STYLE = Automatic;
				CURRENT_PROJECT_VERSION = 1;
				DEVELOPMENT_TEAM = 4C39GTGS9D;
				GENERATE_INFOPLIST_FILE = YES;
				IPHONEOS_DEPLOYMENT_TARGET = 15.2;
				MARKETING_VERSION = 1.0;
				PRODUCT_BUNDLE_IDENTIFIER = com.itghost.BreakPadExtTests;
				PRODUCT_NAME = "$(TARGET_NAME)";
				SWIFT_EMIT_LOC_STRINGS = NO;
				TARGETED_DEVICE_FAMILY = "1,2";
				TEST_HOST = "$(BUILT_PRODUCTS_DIR)/BreakPadExt.app/BreakPadExt";
			};
			name = Release;
		};
		78F6E32527DB4DA1004A407B /* Debug */ = {
			isa = XCBuildConfiguration;
			baseConfigurationReference = 1CEE69BB8D00A97EBDD6E525 /* Pods-BreakPadExtUITests.debug.xcconfig */;
			buildSettings = {
				CODE_SIGN_STYLE = Automatic;
				CURRENT_PROJECT_VERSION = 1;
				DEVELOPMENT_TEAM = 4C39GTGS9D;
				GENERATE_INFOPLIST_FILE = YES;
				MARKETING_VERSION = 1.0;
				PRODUCT_BUNDLE_IDENTIFIER = com.itghost.BreakPadExtUITests;
				PRODUCT_NAME = "$(TARGET_NAME)";
				SWIFT_EMIT_LOC_STRINGS = NO;
				TARGETED_DEVICE_FAMILY = "1,2";
				TEST_TARGET_NAME = BreakPadExt;
			};
			name = Debug;
		};
		78F6E32627DB4DA1004A407B /* Release */ = {
			isa = XCBuildConfiguration;
			baseConfigurationReference = 31053080C868CC2CDD29C3C4 /* Pods-BreakPadExtUITests.release.xcconfig */;
			buildSettings = {
				CODE_SIGN_STYLE = Automatic;
				CURRENT_PROJECT_VERSION = 1;
				DEVELOPMENT_TEAM = 4C39GTGS9D;
				GENERATE_INFOPLIST_FILE = YES;
				MARKETING_VERSION = 1.0;
				PRODUCT_BUNDLE_IDENTIFIER = com.itghost.BreakPadExtUITests;
				PRODUCT_NAME = "$(TARGET_NAME)";
				SWIFT_EMIT_LOC_STRINGS = NO;
				TARGETED_DEVICE_FAMILY = "1,2";
				TEST_TARGET_NAME = BreakPadExt;
			};
			name = Release;
		};
/* End XCBuildConfiguration section */

/* Begin XCConfigurationList section */
		78F6E2E727DB4D9F004A407B /* Build configuration list for PBXProject "BreakPadExt" */ = {
			isa = XCConfigurationList;
			buildConfigurations = (
				78F6E31C27DB4DA1004A407B /* Debug */,
				78F6E31D27DB4DA1004A407B /* Release */,
			);
			defaultConfigurationIsVisible = 0;
			defaultConfigurationName = Release;
		};
		78F6E31E27DB4DA1004A407B /* Build configuration list for PBXNativeTarget "BreakPadExt_Example" */ = {
			isa = XCConfigurationList;
			buildConfigurations = (
				78F6E31F27DB4DA1004A407B /* Debug */,
				78F6E32027DB4DA1004A407B /* Release */,
			);
			defaultConfigurationIsVisible = 0;
			defaultConfigurationName = Release;
		};
		78F6E32127DB4DA1004A407B /* Build configuration list for PBXNativeTarget "BreakPadExtTests" */ = {
			isa = XCConfigurationList;
			buildConfigurations = (
				78F6E32227DB4DA1004A407B /* Debug */,
				78F6E32327DB4DA1004A407B /* Release */,
			);
			defaultConfigurationIsVisible = 0;
			defaultConfigurationName = Release;
		};
		78F6E32427DB4DA1004A407B /* Build configuration list for PBXNativeTarget "BreakPadExtUITests" */ = {
			isa = XCConfigurationList;
			buildConfigurations = (
				78F6E32527DB4DA1004A407B /* Debug */,
				78F6E32627DB4DA1004A407B /* Release */,
			);
			defaultConfigurationIsVisible = 0;
			defaultConfigurationName = Release;
		};
/* End XCConfigurationList section */

/* Begin XCVersionGroup section */
		78F6E2FB27DB4D9F004A407B /* BreakPadExt.xcdatamodeld */ = {
			isa = XCVersionGroup;
			children = (
				78F6E2FC27DB4D9F004A407B /* BreakPadExt.xcdatamodel */,
			);
			currentVersion = 78F6E2FC27DB4D9F004A407B /* BreakPadExt.xcdatamodel */;
			path = BreakPadExt.xcdatamodeld;
			sourceTree = "<group>";
			versionGroupType = wrapper.xcdatamodel;
		};
/* End XCVersionGroup section */
	};
	rootObject = 78F6E2E427DB4D9F004A407B /* Project object */;
}
