// !$*UTF8*$!
{
	archiveVersion = 1;
	classes = {
	};
	objectVersion = 55;
	objects = {

/* Begin PBXBuildFile section */
		787C488D28002DDC00E77633 /* BreakPadExtController.mm in Sources */ = {isa = PBXBuildFile; fileRef = 787C482328002D4500E77633 /* BreakPadExtController.mm */; };
		787C488E28002DDC00E77633 /* BreakPadExt.mm in Sources */ = {isa = PBXBuildFile; fileRef = 787C482428002D4500E77633 /* BreakPadExt.mm */; };
		787C488F28002DDC00E77633 /* ios_exception_minidump_generator.mm in Sources */ = {isa = PBXBuildFile; fileRef = 787C486C28002D4600E77633 /* ios_exception_minidump_generator.mm */; settings = {COMPILER_FLAGS = "-fno-objc-arc"; }; };
		787C489028002DDC00E77633 /* Breakpad.mm in Sources */ = {isa = PBXBuildFile; fileRef = 787C486E28002D4600E77633 /* Breakpad.mm */; settings = {COMPILER_FLAGS = "-fno-objc-arc"; }; };
		787C489128002DDC00E77633 /* BreakpadController.mm in Sources */ = {isa = PBXBuildFile; fileRef = 787C487128002D4600E77633 /* BreakpadController.mm */; settings = {COMPILER_FLAGS = "-fno-objc-arc"; }; };
		787C489228002DDC00E77633 /* uploader.mm in Sources */ = {isa = PBXBuildFile; fileRef = 787C488228002D4600E77633 /* uploader.mm */; settings = {COMPILER_FLAGS = "-fno-objc-arc"; }; };
		787C489328002DDC00E77633 /* ConfigFile.mm in Sources */ = {isa = PBXBuildFile; fileRef = 787C488528002D4600E77633 /* ConfigFile.mm */; settings = {COMPILER_FLAGS = "-fno-objc-arc"; }; };
		787C489428002DE400E77633 /* encoding_util.m in Sources */ = {isa = PBXBuildFile; fileRef = 787C483628002D4500E77633 /* encoding_util.m */; settings = {COMPILER_FLAGS = "-fno-objc-arc"; }; };
		787C489528002DE400E77633 /* GTMLogger.m in Sources */ = {isa = PBXBuildFile; fileRef = 787C483828002D4500E77633 /* GTMLogger.m */; settings = {COMPILER_FLAGS = "-fno-objc-arc"; }; };
		787C489628002DE400E77633 /* HTTPRequest.m in Sources */ = {isa = PBXBuildFile; fileRef = 787C483A28002D4500E77633 /* HTTPRequest.m */; settings = {COMPILER_FLAGS = "-fno-objc-arc"; }; };
		787C489728002DE400E77633 /* HTTPMultipartUpload.m in Sources */ = {isa = PBXBuildFile; fileRef = 787C483D28002D4500E77633 /* HTTPMultipartUpload.m */; settings = {COMPILER_FLAGS = "-fno-objc-arc"; }; };
		787C48982800311C00E77633 /* minidump_file_writer-inl.h in breakpad/src/client/ */ = {isa = PBXBuildFile; fileRef = 787C486928002D4600E77633 /* minidump_file_writer-inl.h */; };
		787C48992800312700E77633 /* minidump_file_writer.h in breakpad/src/client/ */ = {isa = PBXBuildFile; fileRef = 787C488628002D4600E77633 /* minidump_file_writer.h */; };
		787C489B2800315800E77633 /* Breakpad.h in breakpad/src/client/ios/ */ = {isa = PBXBuildFile; fileRef = 787C486F28002D4600E77633 /* Breakpad.h */; };
		787C489C2800316C00E77633 /* BreakpadController.h in breakpad/src/client/ios/ */ = {isa = PBXBuildFile; fileRef = 787C487028002D4600E77633 /* BreakpadController.h */; };
		787C489E2800346100E77633 /* ios_exception_minidump_generator.h in breakpad/src/client/ios/handler/ */ = {isa = PBXBuildFile; fileRef = 787C486D28002D4600E77633 /* ios_exception_minidump_generator.h */; };
		787C48A0280034E700E77633 /* BreakpadDefines.h in breakpad/src/client/apple/Framework/ */ = {isa = PBXBuildFile; fileRef = 787C486728002D4600E77633 /* BreakpadDefines.h */; };
		787C48A22800352400E77633 /* ucontext_compat.h in breakpad/src/client/mac/handler/ */ = {isa = PBXBuildFile; fileRef = 787C487528002D4600E77633 /* ucontext_compat.h */; };
		787C48A32800352F00E77633 /* breakpad_nlist_64.h in breakpad/src/client/mac/handler/ */ = {isa = PBXBuildFile; fileRef = 787C487C28002D4600E77633 /* breakpad_nlist_64.h */; };
		787C48A42800353A00E77633 /* dynamic_images.h in breakpad/src/client/mac/handler/ */ = {isa = PBXBuildFile; fileRef = 787C487728002D4600E77633 /* dynamic_images.h */; };
		787C48A52800354400E77633 /* exception_handler.h in breakpad/src/client/mac/handler/ */ = {isa = PBXBuildFile; fileRef = 787C487F28002D4600E77633 /* exception_handler.h */; };
		787C48A62800355400E77633 /* minidump_generator.h in breakpad/src/client/mac/handler/ */ = {isa = PBXBuildFile; fileRef = 787C487928002D4600E77633 /* minidump_generator.h */; };
		787C48A72800356100E77633 /* protected_memory_allocator.h in breakpad/src/client/mac/handler/ */ = {isa = PBXBuildFile; fileRef = 787C487628002D4600E77633 /* protected_memory_allocator.h */; };
		787C48A82800356C00E77633 /* mach_vm_compat.h in breakpad/src/client/mac/handler/ */ = {isa = PBXBuildFile; fileRef = 787C487B28002D4600E77633 /* mach_vm_compat.h */; };
		787C48AA280035B400E77633 /* ConfigFile.h in breakpad/src/client/mac/crash_generation/ */ = {isa = PBXBuildFile; fileRef = 787C488428002D4600E77633 /* ConfigFile.h */; };
		787C48AC280035DE00E77633 /* uploader.h in breakpad/src/client/mac/sender/ */ = {isa = PBXBuildFile; fileRef = 787C488128002D4600E77633 /* uploader.h */; };
		787C48B02800363E00E77633 /* convert_UTF.h in breakpad/src/common/ */ = {isa = PBXBuildFile; fileRef = 787C482D28002D4500E77633 /* convert_UTF.h */; };
		787C48B12800364600E77633 /* long_string_dictionary.h in breakpad/src/common/ */ = {isa = PBXBuildFile; fileRef = 787C485028002D4500E77633 /* long_string_dictionary.h */; };
		787C48B22800364E00E77633 /* macros.h in breakpad/src/common/ */ = {isa = PBXBuildFile; fileRef = 787C484A28002D4500E77633 /* macros.h */; };
		787C48B32800365700E77633 /* md5.h in breakpad/src/common/ */ = {isa = PBXBuildFile; fileRef = 787C483228002D4500E77633 /* md5.h */; };
		787C48B42800366500E77633 /* memory_allocator.h in breakpad/src/common/ */ = {isa = PBXBuildFile; fileRef = 787C483128002D4500E77633 /* memory_allocator.h */; };
		787C48B52800367000E77633 /* scoped_ptr.h in breakpad/src/common/ */ = {isa = PBXBuildFile; fileRef = 787C482A28002D4500E77633 /* scoped_ptr.h */; };
		787C48B62800367800E77633 /* string_conversion.h in breakpad/src/common/ */ = {isa = PBXBuildFile; fileRef = 787C484F28002D4500E77633 /* string_conversion.h */; };
		787C48B72800367F00E77633 /* simple_string_dictionary.h in breakpad/src/common/ */ = {isa = PBXBuildFile; fileRef = 787C482F28002D4500E77633 /* simple_string_dictionary.h */; };
		787C48B82800368A00E77633 /* using_std_string.h in breakpad/src/common/ */ = {isa = PBXBuildFile; fileRef = 787C483328002D4500E77633 /* using_std_string.h */; };
		787C48B9280036D100E77633 /* basictypes.h in breakpad/src/common/ */ = {isa = PBXBuildFile; fileRef = 787C484E28002D4500E77633 /* basictypes.h */; };
		787C48BA280036F500E77633 /* linux_libc_support.h in breakpad/src/common/linux/ */ = {isa = PBXBuildFile; fileRef = 787C484C28002D4500E77633 /* linux_libc_support.h */; };
		787C48BD280037AE00E77633 /* scoped_task_suspend-inl.h in breakpad/src/common/mac/ */ = {isa = PBXBuildFile; fileRef = 787C483728002D4500E77633 /* scoped_task_suspend-inl.h */; };
		787C48BE280037B200E77633 /* string_utilities.h in breakpad/src/common/mac/ */ = {isa = PBXBuildFile; fileRef = 787C483928002D4500E77633 /* string_utilities.h */; };
		787C48BF280037BA00E77633 /* byteswap.h in breakpad/src/common/mac/ */ = {isa = PBXBuildFile; fileRef = 787C483F28002D4500E77633 /* byteswap.h */; };
		787C48C0280037BE00E77633 /* encoding_util.h in breakpad/src/common/mac/ */ = {isa = PBXBuildFile; fileRef = 787C484028002D4500E77633 /* encoding_util.h */; };
		787C48C1280037CC00E77633 /* macho_id.h in breakpad/src/common/mac/ */ = {isa = PBXBuildFile; fileRef = 787C484128002D4500E77633 /* macho_id.h */; };
		787C48C2280037CF00E77633 /* GTMLogger.h in breakpad/src/common/mac/ */ = {isa = PBXBuildFile; fileRef = 787C484228002D4500E77633 /* GTMLogger.h */; };
		787C48C3280037D300E77633 /* macho_walker.h in breakpad/src/common/mac/ */ = {isa = PBXBuildFile; fileRef = 787C484428002D4500E77633 /* macho_walker.h */; };
		787C48C4280037D900E77633 /* GTMDefines.h in breakpad/src/common/mac/ */ = {isa = PBXBuildFile; fileRef = 787C484528002D4500E77633 /* GTMDefines.h */; };
		787C48C5280037DD00E77633 /* HTTPRequest.h in breakpad/src/common/mac/ */ = {isa = PBXBuildFile; fileRef = 787C484628002D4500E77633 /* HTTPRequest.h */; };
		787C48C6280037E300E77633 /* file_id.h in breakpad/src/common/mac/ */ = {isa = PBXBuildFile; fileRef = 787C484728002D4500E77633 /* file_id.h */; };
		787C48C7280037E800E77633 /* macho_utilities.h in breakpad/src/common/mac/ */ = {isa = PBXBuildFile; fileRef = 787C484828002D4500E77633 /* macho_utilities.h */; };
		787C48C8280037EB00E77633 /* HTTPMultipartUpload.h in breakpad/src/common/mac/ */ = {isa = PBXBuildFile; fileRef = 787C484928002D4500E77633 /* HTTPMultipartUpload.h */; };
		787C48CA2800385600E77633 /* minidump_exception_solaris.h in breakpad/src/google_breakpad/common/ */ = {isa = PBXBuildFile; fileRef = 787C485328002D4500E77633 /* minidump_exception_solaris.h */; };
		787C48CB2800385900E77633 /* minidump_exception_fuchsia.h in breakpad/src/google_breakpad/common/ */ = {isa = PBXBuildFile; fileRef = 787C485428002D4500E77633 /* minidump_exception_fuchsia.h */; };
		787C48CC2800385D00E77633 /* minidump_cpu_arm64.h in breakpad/src/google_breakpad/common/ */ = {isa = PBXBuildFile; fileRef = 787C485528002D4500E77633 /* minidump_cpu_arm64.h */; };
		787C48CD2800386100E77633 /* minidump_cpu_ppc.h in breakpad/src/google_breakpad/common/ */ = {isa = PBXBuildFile; fileRef = 787C485628002D4500E77633 /* minidump_cpu_ppc.h */; };
		787C48CE2800386B00E77633 /* minidump_format.h in breakpad/src/google_breakpad/common/ */ = {isa = PBXBuildFile; fileRef = 787C485728002D4500E77633 /* minidump_format.h */; };
		787C48CF2800387500E77633 /* minidump_exception_mac.h in breakpad/src/google_breakpad/common/ */ = {isa = PBXBuildFile; fileRef = 787C485828002D4500E77633 /* minidump_exception_mac.h */; };
		787C48D02800387C00E77633 /* minidump_cpu_mips.h in breakpad/src/google_breakpad/common/ */ = {isa = PBXBuildFile; fileRef = 787C485928002D4500E77633 /* minidump_cpu_mips.h */; };
		787C48D12800388300E77633 /* minidump_exception_win32.h in breakpad/src/google_breakpad/common/ */ = {isa = PBXBuildFile; fileRef = 787C485A28002D4500E77633 /* minidump_exception_win32.h */; };
		787C48D22800389100E77633 /* minidump_cpu_x86.h in breakpad/src/google_breakpad/common/ */ = {isa = PBXBuildFile; fileRef = 787C485B28002D4500E77633 /* minidump_cpu_x86.h */; };
		787C48D32800389500E77633 /* minidump_cpu_sparc.h in breakpad/src/google_breakpad/common/ */ = {isa = PBXBuildFile; fileRef = 787C485C28002D4600E77633 /* minidump_cpu_sparc.h */; };
		787C48D4280038A400E77633 /* minidump_cpu_amd64.h in breakpad/src/google_breakpad/common/ */ = {isa = PBXBuildFile; fileRef = 787C485D28002D4600E77633 /* minidump_cpu_amd64.h */; };
		787C48D5280038A900E77633 /* minidump_cpu_arm.h in breakpad/src/google_breakpad/common/ */ = {isa = PBXBuildFile; fileRef = 787C485E28002D4600E77633 /* minidump_cpu_arm.h */; };
		787C48D6280038AD00E77633 /* minidump_size.h in breakpad/src/google_breakpad/common/ */ = {isa = PBXBuildFile; fileRef = 787C485F28002D4600E77633 /* minidump_size.h */; };
		787C48D7280038B100E77633 /* minidump_exception_linux.h in breakpad/src/google_breakpad/common/ */ = {isa = PBXBuildFile; fileRef = 787C486028002D4600E77633 /* minidump_exception_linux.h */; };
		787C48D8280038BB00E77633 /* minidump_cpu_ppc64.h in breakpad/src/google_breakpad/common/ */ = {isa = PBXBuildFile; fileRef = 787C486128002D4600E77633 /* minidump_cpu_ppc64.h */; };
		787C48D9280038BF00E77633 /* breakpad_types.h in breakpad/src/google_breakpad/common/ */ = {isa = PBXBuildFile; fileRef = 787C486228002D4600E77633 /* breakpad_types.h */; };
		787C48DA280038C400E77633 /* minidump_exception_ps3.h in breakpad/src/google_breakpad/common/ */ = {isa = PBXBuildFile; fileRef = 787C486328002D4600E77633 /* minidump_exception_ps3.h */; };
		787C48DB2800391C00E77633 /* long_string_dictionary.cc in Sources */ = {isa = PBXBuildFile; fileRef = 787C482B28002D4500E77633 /* long_string_dictionary.cc */; };
		787C48DC2800391C00E77633 /* md5.cc in Sources */ = {isa = PBXBuildFile; fileRef = 787C482C28002D4500E77633 /* md5.cc */; };
		787C48DD2800391C00E77633 /* string_conversion.cc in Sources */ = {isa = PBXBuildFile; fileRef = 787C482E28002D4500E77633 /* string_conversion.cc */; };
		787C48DE2800391C00E77633 /* convert_UTF.cc in Sources */ = {isa = PBXBuildFile; fileRef = 787C483028002D4500E77633 /* convert_UTF.cc */; };
		787C48DF2800391C00E77633 /* macho_walker.cc in Sources */ = {isa = PBXBuildFile; fileRef = 787C483528002D4500E77633 /* macho_walker.cc */; };
		787C48E02800391C00E77633 /* macho_id.cc in Sources */ = {isa = PBXBuildFile; fileRef = 787C483B28002D4500E77633 /* macho_id.cc */; };
		787C48E12800391C00E77633 /* file_id.cc in Sources */ = {isa = PBXBuildFile; fileRef = 787C483C28002D4500E77633 /* file_id.cc */; };
		787C48E22800391C00E77633 /* macho_utilities.cc in Sources */ = {isa = PBXBuildFile; fileRef = 787C483E28002D4500E77633 /* macho_utilities.cc */; };
		787C48E32800391C00E77633 /* string_utilities.cc in Sources */ = {isa = PBXBuildFile; fileRef = 787C484328002D4500E77633 /* string_utilities.cc */; };
		787C48E42800391C00E77633 /* simple_string_dictionary.cc in Sources */ = {isa = PBXBuildFile; fileRef = 787C484D28002D4500E77633 /* simple_string_dictionary.cc */; };
		787C48E52800391C00E77633 /* minidump_file_writer.cc in Sources */ = {isa = PBXBuildFile; fileRef = 787C486828002D4600E77633 /* minidump_file_writer.cc */; };
		787C48E62800391C00E77633 /* breakpad_nlist_64.cc in Sources */ = {isa = PBXBuildFile; fileRef = 787C487428002D4600E77633 /* breakpad_nlist_64.cc */; };
		787C48E72800391C00E77633 /* exception_handler.cc in Sources */ = {isa = PBXBuildFile; fileRef = 787C487828002D4600E77633 /* exception_handler.cc */; };
		787C48E82800391C00E77633 /* minidump_generator.cc in Sources */ = {isa = PBXBuildFile; fileRef = 787C487A28002D4600E77633 /* minidump_generator.cc */; };
		787C48E92800391C00E77633 /* dynamic_images.cc in Sources */ = {isa = PBXBuildFile; fileRef = 787C487D28002D4600E77633 /* dynamic_images.cc */; };
		787C48EA2800391C00E77633 /* protected_memory_allocator.cc in Sources */ = {isa = PBXBuildFile; fileRef = 787C487E28002D4600E77633 /* protected_memory_allocator.cc */; };
		787C48EC280039DC00E77633 /* Breakpad.hpp in breakpadext */ = {isa = PBXBuildFile; fileRef = 787C482128002D4500E77633 /* Breakpad.hpp */; };
		787C48ED280039DC00E77633 /* BreakPadExt.h in breakpadext */ = {isa = PBXBuildFile; fileRef = 787C482228002D4500E77633 /* BreakPadExt.h */; };
		787C48EE280039DC00E77633 /* BreakPadExt.hpp in breakpadext */ = {isa = PBXBuildFile; fileRef = 787C482528002D4500E77633 /* BreakPadExt.hpp */; };
		787C48EF280039DC00E77633 /* BreakPadExtController.h in breakpadext */ = {isa = PBXBuildFile; fileRef = 787C482628002D4500E77633 /* BreakPadExtController.h */; };
		787C48F9280041DC00E77633 /* BreakPadExtDylib.docc in Sources */ = {isa = PBXBuildFile; fileRef = 787C48F8280041DC00E77633 /* BreakPadExtDylib.docc */; };
		787C48FF280041DC00E77633 /* BreakPadExtDylib.framework in Frameworks */ = {isa = PBXBuildFile; fileRef = 787C48F5280041DC00E77633 /* BreakPadExtDylib.framework */; };
		787C4904280041DC00E77633 /* BreakPadExtDylibTests.m in Sources */ = {isa = PBXBuildFile; fileRef = 787C4903280041DC00E77633 /* BreakPadExtDylibTests.m */; };
		787C4905280041DC00E77633 /* BreakPadExtDylib.h in Headers */ = {isa = PBXBuildFile; fileRef = 787C48F7280041DC00E77633 /* BreakPadExtDylib.h */; settings = {ATTRIBUTES = (Public, ); }; };
		787C490C280043E700E77633 /* long_string_dictionary.cc in Sources */ = {isa = PBXBuildFile; fileRef = 787C482B28002D4500E77633 /* long_string_dictionary.cc */; };
		787C490D280043E700E77633 /* md5.cc in Sources */ = {isa = PBXBuildFile; fileRef = 787C482C28002D4500E77633 /* md5.cc */; };
		787C490E280043E700E77633 /* string_conversion.cc in Sources */ = {isa = PBXBuildFile; fileRef = 787C482E28002D4500E77633 /* string_conversion.cc */; };
		787C490F280043E700E77633 /* convert_UTF.cc in Sources */ = {isa = PBXBuildFile; fileRef = 787C483028002D4500E77633 /* convert_UTF.cc */; };
		787C4910280043E700E77633 /* macho_walker.cc in Sources */ = {isa = PBXBuildFile; fileRef = 787C483528002D4500E77633 /* macho_walker.cc */; };
		787C4911280043E700E77633 /* macho_id.cc in Sources */ = {isa = PBXBuildFile; fileRef = 787C483B28002D4500E77633 /* macho_id.cc */; };
		787C4912280043E700E77633 /* file_id.cc in Sources */ = {isa = PBXBuildFile; fileRef = 787C483C28002D4500E77633 /* file_id.cc */; };
		787C4913280043E700E77633 /* macho_utilities.cc in Sources */ = {isa = PBXBuildFile; fileRef = 787C483E28002D4500E77633 /* macho_utilities.cc */; };
		787C4914280043E700E77633 /* string_utilities.cc in Sources */ = {isa = PBXBuildFile; fileRef = 787C484328002D4500E77633 /* string_utilities.cc */; };
		787C4915280043E700E77633 /* simple_string_dictionary.cc in Sources */ = {isa = PBXBuildFile; fileRef = 787C484D28002D4500E77633 /* simple_string_dictionary.cc */; };
		787C4916280043E700E77633 /* minidump_file_writer.cc in Sources */ = {isa = PBXBuildFile; fileRef = 787C486828002D4600E77633 /* minidump_file_writer.cc */; };
		787C4917280043E700E77633 /* breakpad_nlist_64.cc in Sources */ = {isa = PBXBuildFile; fileRef = 787C487428002D4600E77633 /* breakpad_nlist_64.cc */; };
		787C4918280043E700E77633 /* exception_handler.cc in Sources */ = {isa = PBXBuildFile; fileRef = 787C487828002D4600E77633 /* exception_handler.cc */; };
		787C4919280043E700E77633 /* minidump_generator.cc in Sources */ = {isa = PBXBuildFile; fileRef = 787C487A28002D4600E77633 /* minidump_generator.cc */; };
		787C491A280043E700E77633 /* dynamic_images.cc in Sources */ = {isa = PBXBuildFile; fileRef = 787C487D28002D4600E77633 /* dynamic_images.cc */; };
		787C491B280043E700E77633 /* protected_memory_allocator.cc in Sources */ = {isa = PBXBuildFile; fileRef = 787C487E28002D4600E77633 /* protected_memory_allocator.cc */; };
		787C491C280043E700E77633 /* encoding_util.m in Sources */ = {isa = PBXBuildFile; fileRef = 787C483628002D4500E77633 /* encoding_util.m */; settings = {COMPILER_FLAGS = "-fno-objc-arc"; }; };
		787C491D280043E700E77633 /* GTMLogger.m in Sources */ = {isa = PBXBuildFile; fileRef = 787C483828002D4500E77633 /* GTMLogger.m */; settings = {COMPILER_FLAGS = "-fno-objc-arc"; }; };
		787C491E280043E700E77633 /* HTTPRequest.m in Sources */ = {isa = PBXBuildFile; fileRef = 787C483A28002D4500E77633 /* HTTPRequest.m */; settings = {COMPILER_FLAGS = "-fno-objc-arc"; }; };
		787C491F280043E700E77633 /* HTTPMultipartUpload.m in Sources */ = {isa = PBXBuildFile; fileRef = 787C483D28002D4500E77633 /* HTTPMultipartUpload.m */; settings = {COMPILER_FLAGS = "-fno-objc-arc"; }; };
		787C4920280043E700E77633 /* ios_exception_minidump_generator.mm in Sources */ = {isa = PBXBuildFile; fileRef = 787C486C28002D4600E77633 /* ios_exception_minidump_generator.mm */; settings = {COMPILER_FLAGS = "-fno-objc-arc"; }; };
		787C4921280043E700E77633 /* Breakpad.mm in Sources */ = {isa = PBXBuildFile; fileRef = 787C486E28002D4600E77633 /* Breakpad.mm */; settings = {COMPILER_FLAGS = "-fno-objc-arc"; }; };
		787C4922280043E700E77633 /* BreakpadController.mm in Sources */ = {isa = PBXBuildFile; fileRef = 787C487128002D4600E77633 /* BreakpadController.mm */; settings = {COMPILER_FLAGS = "-fno-objc-arc"; }; };
		787C4923280043E700E77633 /* uploader.mm in Sources */ = {isa = PBXBuildFile; fileRef = 787C488228002D4600E77633 /* uploader.mm */; settings = {COMPILER_FLAGS = "-fno-objc-arc"; }; };
		787C4924280043E700E77633 /* ConfigFile.mm in Sources */ = {isa = PBXBuildFile; fileRef = 787C488528002D4600E77633 /* ConfigFile.mm */; settings = {COMPILER_FLAGS = "-fno-objc-arc"; }; };
		787C4925280043E700E77633 /* BreakPadExtController.mm in Sources */ = {isa = PBXBuildFile; fileRef = 787C482328002D4500E77633 /* BreakPadExtController.mm */; };
		787C4926280043E700E77633 /* BreakPadExt.mm in Sources */ = {isa = PBXBuildFile; fileRef = 787C482428002D4500E77633 /* BreakPadExt.mm */; };
		787C4B4728004D6E00E77633 /* minidump_file_writer.h in breakpad/src/client/ */ = {isa = PBXBuildFile; fileRef = 787C488628002D4600E77633 /* minidump_file_writer.h */; };
		787C4B4828004D6E00E77633 /* minidump_file_writer-inl.h in breakpad/src/client/ */ = {isa = PBXBuildFile; fileRef = 787C486928002D4600E77633 /* minidump_file_writer-inl.h */; };
		787C4B4928004D6E00E77633 /* BreakpadController.h in breakpad/src/client/ios/ */ = {isa = PBXBuildFile; fileRef = 787C487028002D4600E77633 /* BreakpadController.h */; };
		787C4B4A28004D6E00E77633 /* Breakpad.h in breakpad/src/client/ios/ */ = {isa = PBXBuildFile; fileRef = 787C486F28002D4600E77633 /* Breakpad.h */; };
		787C4B4B28004D6E00E77633 /* ios_exception_minidump_generator.h in breakpad/src/client/ios/handler/ */ = {isa = PBXBuildFile; fileRef = 787C486D28002D4600E77633 /* ios_exception_minidump_generator.h */; };
		787C4B4C28004D6E00E77633 /* BreakpadDefines.h in breakpad/src/client/apple/Framework/ */ = {isa = PBXBuildFile; fileRef = 787C486728002D4600E77633 /* BreakpadDefines.h */; };
		787C4B4D28004D6E00E77633 /* mach_vm_compat.h in breakpad/src/client/mac/handler/ */ = {isa = PBXBuildFile; fileRef = 787C487B28002D4600E77633 /* mach_vm_compat.h */; };
		787C4B4E28004D6E00E77633 /* protected_memory_allocator.h in breakpad/src/client/mac/handler/ */ = {isa = PBXBuildFile; fileRef = 787C487628002D4600E77633 /* protected_memory_allocator.h */; };
		787C4B4F28004D6E00E77633 /* minidump_generator.h in breakpad/src/client/mac/handler/ */ = {isa = PBXBuildFile; fileRef = 787C487928002D4600E77633 /* minidump_generator.h */; };
		787C4B5028004D6E00E77633 /* exception_handler.h in breakpad/src/client/mac/handler/ */ = {isa = PBXBuildFile; fileRef = 787C487F28002D4600E77633 /* exception_handler.h */; };
		787C4B5128004D6E00E77633 /* dynamic_images.h in breakpad/src/client/mac/handler/ */ = {isa = PBXBuildFile; fileRef = 787C487728002D4600E77633 /* dynamic_images.h */; };
		787C4B5228004D6E00E77633 /* breakpad_nlist_64.h in breakpad/src/client/mac/handler/ */ = {isa = PBXBuildFile; fileRef = 787C487C28002D4600E77633 /* breakpad_nlist_64.h */; };
		787C4B5328004D6E00E77633 /* ucontext_compat.h in breakpad/src/client/mac/handler/ */ = {isa = PBXBuildFile; fileRef = 787C487528002D4600E77633 /* ucontext_compat.h */; };
		787C4B5428004D6E00E77633 /* ConfigFile.h in breakpad/src/client/mac/crash_generation/ */ = {isa = PBXBuildFile; fileRef = 787C488428002D4600E77633 /* ConfigFile.h */; };
		787C4B5528004D6E00E77633 /* uploader.h in breakpad/src/client/mac/sender/ */ = {isa = PBXBuildFile; fileRef = 787C488128002D4600E77633 /* uploader.h */; };
		787C4B5628004D6E00E77633 /* linux_libc_support.h in breakpad/src/common/linux/ */ = {isa = PBXBuildFile; fileRef = 787C484C28002D4500E77633 /* linux_libc_support.h */; };
		787C4B5728004D6E00E77633 /* using_std_string.h in breakpad/src/common/ */ = {isa = PBXBuildFile; fileRef = 787C483328002D4500E77633 /* using_std_string.h */; };
		787C4B5828004D6E00E77633 /* simple_string_dictionary.h in breakpad/src/common/ */ = {isa = PBXBuildFile; fileRef = 787C482F28002D4500E77633 /* simple_string_dictionary.h */; };
		787C4B5928004D6E00E77633 /* string_conversion.h in breakpad/src/common/ */ = {isa = PBXBuildFile; fileRef = 787C484F28002D4500E77633 /* string_conversion.h */; };
		787C4B5A28004D6E00E77633 /* scoped_ptr.h in breakpad/src/common/ */ = {isa = PBXBuildFile; fileRef = 787C482A28002D4500E77633 /* scoped_ptr.h */; };
		787C4B5B28004D6E00E77633 /* memory_allocator.h in breakpad/src/common/ */ = {isa = PBXBuildFile; fileRef = 787C483128002D4500E77633 /* memory_allocator.h */; };
		787C4B5C28004D6E00E77633 /* md5.h in breakpad/src/common/ */ = {isa = PBXBuildFile; fileRef = 787C483228002D4500E77633 /* md5.h */; };
		787C4B5D28004D6E00E77633 /* macros.h in breakpad/src/common/ */ = {isa = PBXBuildFile; fileRef = 787C484A28002D4500E77633 /* macros.h */; };
		787C4B5E28004D6E00E77633 /* long_string_dictionary.h in breakpad/src/common/ */ = {isa = PBXBuildFile; fileRef = 787C485028002D4500E77633 /* long_string_dictionary.h */; };
		787C4B5F28004D6E00E77633 /* convert_UTF.h in breakpad/src/common/ */ = {isa = PBXBuildFile; fileRef = 787C482D28002D4500E77633 /* convert_UTF.h */; };
		787C4B6028004D6E00E77633 /* basictypes.h in breakpad/src/common/ */ = {isa = PBXBuildFile; fileRef = 787C484E28002D4500E77633 /* basictypes.h */; };
		787C4B6128004D6E00E77633 /* GTMDefines.h in breakpad/src/common/mac/ */ = {isa = PBXBuildFile; fileRef = 787C484528002D4500E77633 /* GTMDefines.h */; };
		787C4B6228004D6E00E77633 /* scoped_task_suspend-inl.h in breakpad/src/common/mac/ */ = {isa = PBXBuildFile; fileRef = 787C483728002D4500E77633 /* scoped_task_suspend-inl.h */; };
		787C4B6328004D6E00E77633 /* string_utilities.h in breakpad/src/common/mac/ */ = {isa = PBXBuildFile; fileRef = 787C483928002D4500E77633 /* string_utilities.h */; };
		787C4B6428004D6E00E77633 /* byteswap.h in breakpad/src/common/mac/ */ = {isa = PBXBuildFile; fileRef = 787C483F28002D4500E77633 /* byteswap.h */; };
		787C4B6528004D6E00E77633 /* encoding_util.h in breakpad/src/common/mac/ */ = {isa = PBXBuildFile; fileRef = 787C484028002D4500E77633 /* encoding_util.h */; };
		787C4B6628004D6E00E77633 /* macho_id.h in breakpad/src/common/mac/ */ = {isa = PBXBuildFile; fileRef = 787C484128002D4500E77633 /* macho_id.h */; };
		787C4B6728004D6E00E77633 /* GTMLogger.h in breakpad/src/common/mac/ */ = {isa = PBXBuildFile; fileRef = 787C484228002D4500E77633 /* GTMLogger.h */; };
		787C4B6828004D6E00E77633 /* macho_walker.h in breakpad/src/common/mac/ */ = {isa = PBXBuildFile; fileRef = 787C484428002D4500E77633 /* macho_walker.h */; };
		787C4B6928004D6E00E77633 /* HTTPRequest.h in breakpad/src/common/mac/ */ = {isa = PBXBuildFile; fileRef = 787C484628002D4500E77633 /* HTTPRequest.h */; };
		787C4B6A28004D6E00E77633 /* file_id.h in breakpad/src/common/mac/ */ = {isa = PBXBuildFile; fileRef = 787C484728002D4500E77633 /* file_id.h */; };
		787C4B6B28004D6E00E77633 /* macho_utilities.h in breakpad/src/common/mac/ */ = {isa = PBXBuildFile; fileRef = 787C484828002D4500E77633 /* macho_utilities.h */; };
		787C4B6C28004D6E00E77633 /* HTTPMultipartUpload.h in breakpad/src/common/mac/ */ = {isa = PBXBuildFile; fileRef = 787C484928002D4500E77633 /* HTTPMultipartUpload.h */; };
		787C4B6D28004D6E00E77633 /* minidump_cpu_ppc.h in breakpad/src/google_breakpad/common/ */ = {isa = PBXBuildFile; fileRef = 787C485628002D4500E77633 /* minidump_cpu_ppc.h */; };
		787C4B6E28004D6E00E77633 /* minidump_exception_solaris.h in breakpad/src/google_breakpad/common/ */ = {isa = PBXBuildFile; fileRef = 787C485328002D4500E77633 /* minidump_exception_solaris.h */; };
		787C4B6F28004D6E00E77633 /* minidump_exception_fuchsia.h in breakpad/src/google_breakpad/common/ */ = {isa = PBXBuildFile; fileRef = 787C485428002D4500E77633 /* minidump_exception_fuchsia.h */; };
		787C4B7028004D6E00E77633 /* minidump_cpu_arm64.h in breakpad/src/google_breakpad/common/ */ = {isa = PBXBuildFile; fileRef = 787C485528002D4500E77633 /* minidump_cpu_arm64.h */; };
		787C4B7128004D6E00E77633 /* minidump_format.h in breakpad/src/google_breakpad/common/ */ = {isa = PBXBuildFile; fileRef = 787C485728002D4500E77633 /* minidump_format.h */; };
		787C4B7228004D6E00E77633 /* minidump_exception_mac.h in breakpad/src/google_breakpad/common/ */ = {isa = PBXBuildFile; fileRef = 787C485828002D4500E77633 /* minidump_exception_mac.h */; };
		787C4B7328004D6E00E77633 /* minidump_cpu_mips.h in breakpad/src/google_breakpad/common/ */ = {isa = PBXBuildFile; fileRef = 787C485928002D4500E77633 /* minidump_cpu_mips.h */; };
		787C4B7428004D6E00E77633 /* minidump_exception_win32.h in breakpad/src/google_breakpad/common/ */ = {isa = PBXBuildFile; fileRef = 787C485A28002D4500E77633 /* minidump_exception_win32.h */; };
		787C4B7528004D6E00E77633 /* minidump_cpu_x86.h in breakpad/src/google_breakpad/common/ */ = {isa = PBXBuildFile; fileRef = 787C485B28002D4500E77633 /* minidump_cpu_x86.h */; };
		787C4B7628004D6E00E77633 /* minidump_cpu_sparc.h in breakpad/src/google_breakpad/common/ */ = {isa = PBXBuildFile; fileRef = 787C485C28002D4600E77633 /* minidump_cpu_sparc.h */; };
		787C4B7728004D6E00E77633 /* minidump_cpu_amd64.h in breakpad/src/google_breakpad/common/ */ = {isa = PBXBuildFile; fileRef = 787C485D28002D4600E77633 /* minidump_cpu_amd64.h */; };
		787C4B7828004D6E00E77633 /* minidump_cpu_arm.h in breakpad/src/google_breakpad/common/ */ = {isa = PBXBuildFile; fileRef = 787C485E28002D4600E77633 /* minidump_cpu_arm.h */; };
		787C4B7928004D6E00E77633 /* minidump_size.h in breakpad/src/google_breakpad/common/ */ = {isa = PBXBuildFile; fileRef = 787C485F28002D4600E77633 /* minidump_size.h */; };
		787C4B7A28004D6E00E77633 /* minidump_exception_linux.h in breakpad/src/google_breakpad/common/ */ = {isa = PBXBuildFile; fileRef = 787C486028002D4600E77633 /* minidump_exception_linux.h */; };
		787C4B7B28004D6E00E77633 /* minidump_cpu_ppc64.h in breakpad/src/google_breakpad/common/ */ = {isa = PBXBuildFile; fileRef = 787C486128002D4600E77633 /* minidump_cpu_ppc64.h */; };
		787C4B7C28004D6E00E77633 /* breakpad_types.h in breakpad/src/google_breakpad/common/ */ = {isa = PBXBuildFile; fileRef = 787C486228002D4600E77633 /* breakpad_types.h */; };
		787C4B7D28004D6E00E77633 /* minidump_exception_ps3.h in breakpad/src/google_breakpad/common/ */ = {isa = PBXBuildFile; fileRef = 787C486328002D4600E77633 /* minidump_exception_ps3.h */; };
		787C4B7E28004D6E00E77633 /* Breakpad.hpp in breakpadext */ = {isa = PBXBuildFile; fileRef = 787C482128002D4500E77633 /* Breakpad.hpp */; };
		787C4B7F28004D6E00E77633 /* BreakPadExt.h in breakpadext */ = {isa = PBXBuildFile; fileRef = 787C482228002D4500E77633 /* BreakPadExt.h */; };
		787C4B8028004D6E00E77633 /* BreakPadExt.hpp in breakpadext */ = {isa = PBXBuildFile; fileRef = 787C482528002D4500E77633 /* BreakPadExt.hpp */; };
		787C4B8128004D6E00E77633 /* BreakPadExtController.h in breakpadext */ = {isa = PBXBuildFile; fileRef = 787C482628002D4500E77633 /* BreakPadExtController.h */; };
/* End PBXBuildFile section */

/* Begin PBXContainerItemProxy section */
		787C4900280041DC00E77633 /* PBXContainerItemProxy */ = {
			isa = PBXContainerItemProxy;
			containerPortal = 787C4808280029E500E77633 /* Project object */;
			proxyType = 1;
			remoteGlobalIDString = 787C48F4280041DC00E77633;
			remoteInfo = BreakPadExtDylib;
		};
/* End PBXContainerItemProxy section */

/* Begin PBXCopyFilesBuildPhase section */
		787C480E280029E500E77633 /* breakpad/src/client/ */ = {
			isa = PBXCopyFilesBuildPhase;
			buildActionMask = 2147483647;
			dstPath = include/client;
			dstSubfolderSpec = 16;
			files = (
				787C48992800312700E77633 /* minidump_file_writer.h in breakpad/src/client/ */,
				787C48982800311C00E77633 /* minidump_file_writer-inl.h in breakpad/src/client/ */,
			);
			name = breakpad/src/client/;
			runOnlyForDeploymentPostprocessing = 0;
		};
		787C489A2800313E00E77633 /* breakpad/src/client/ios/ */ = {
			isa = PBXCopyFilesBuildPhase;
			buildActionMask = 2147483647;
			dstPath = include/client/ios;
			dstSubfolderSpec = 16;
			files = (
				787C489C2800316C00E77633 /* BreakpadController.h in breakpad/src/client/ios/ */,
				787C489B2800315800E77633 /* Breakpad.h in breakpad/src/client/ios/ */,
			);
			name = breakpad/src/client/ios/;
			runOnlyForDeploymentPostprocessing = 0;
		};
		787C489D2800342E00E77633 /* breakpad/src/client/ios/handler/ */ = {
			isa = PBXCopyFilesBuildPhase;
			buildActionMask = 2147483647;
			dstPath = include/client/ios/handler;
			dstSubfolderSpec = 16;
			files = (
				787C489E2800346100E77633 /* ios_exception_minidump_generator.h in breakpad/src/client/ios/handler/ */,
			);
			name = breakpad/src/client/ios/handler/;
			runOnlyForDeploymentPostprocessing = 0;
		};
		787C489F2800346900E77633 /* breakpad/src/client/apple/Framework/ */ = {
			isa = PBXCopyFilesBuildPhase;
			buildActionMask = 2147483647;
			dstPath = include/client/apple/Framework;
			dstSubfolderSpec = 16;
			files = (
				787C48A0280034E700E77633 /* BreakpadDefines.h in breakpad/src/client/apple/Framework/ */,
			);
			name = breakpad/src/client/apple/Framework/;
			runOnlyForDeploymentPostprocessing = 0;
		};
		787C48A1280034ED00E77633 /* breakpad/src/client/mac/handler/ */ = {
			isa = PBXCopyFilesBuildPhase;
			buildActionMask = 2147483647;
			dstPath = include/client/mac/handler;
			dstSubfolderSpec = 16;
			files = (
				787C48A82800356C00E77633 /* mach_vm_compat.h in breakpad/src/client/mac/handler/ */,
				787C48A72800356100E77633 /* protected_memory_allocator.h in breakpad/src/client/mac/handler/ */,
				787C48A62800355400E77633 /* minidump_generator.h in breakpad/src/client/mac/handler/ */,
				787C48A52800354400E77633 /* exception_handler.h in breakpad/src/client/mac/handler/ */,
				787C48A42800353A00E77633 /* dynamic_images.h in breakpad/src/client/mac/handler/ */,
				787C48A32800352F00E77633 /* breakpad_nlist_64.h in breakpad/src/client/mac/handler/ */,
				787C48A22800352400E77633 /* ucontext_compat.h in breakpad/src/client/mac/handler/ */,
			);
			name = breakpad/src/client/mac/handler/;
			runOnlyForDeploymentPostprocessing = 0;
		};
		787C48A92800358300E77633 /* breakpad/src/client/mac/crash_generation/ */ = {
			isa = PBXCopyFilesBuildPhase;
			buildActionMask = 2147483647;
			dstPath = include/client/mac/crash_generation;
			dstSubfolderSpec = 16;
			files = (
				787C48AA280035B400E77633 /* ConfigFile.h in breakpad/src/client/mac/crash_generation/ */,
			);
			name = breakpad/src/client/mac/crash_generation/;
			runOnlyForDeploymentPostprocessing = 0;
		};
		787C48AB280035BE00E77633 /* breakpad/src/client/mac/sender/ */ = {
			isa = PBXCopyFilesBuildPhase;
			buildActionMask = 2147483647;
			dstPath = include/client/mac/sender;
			dstSubfolderSpec = 16;
			files = (
				787C48AC280035DE00E77633 /* uploader.h in breakpad/src/client/mac/sender/ */,
			);
			name = breakpad/src/client/mac/sender/;
			runOnlyForDeploymentPostprocessing = 0;
		};
		787C48AD280035EB00E77633 /* breakpad/src/common/linux/ */ = {
			isa = PBXCopyFilesBuildPhase;
			buildActionMask = 2147483647;
			dstPath = include/common/linux;
			dstSubfolderSpec = 16;
			files = (
				787C48BA280036F500E77633 /* linux_libc_support.h in breakpad/src/common/linux/ */,
			);
			name = breakpad/src/common/linux/;
			runOnlyForDeploymentPostprocessing = 0;
		};
		787C48AF2800361400E77633 /* breakpad/src/common/ */ = {
			isa = PBXCopyFilesBuildPhase;
			buildActionMask = 2147483647;
			dstPath = include/common;
			dstSubfolderSpec = 16;
			files = (
				787C48B82800368A00E77633 /* using_std_string.h in breakpad/src/common/ */,
				787C48B72800367F00E77633 /* simple_string_dictionary.h in breakpad/src/common/ */,
				787C48B62800367800E77633 /* string_conversion.h in breakpad/src/common/ */,
				787C48B52800367000E77633 /* scoped_ptr.h in breakpad/src/common/ */,
				787C48B42800366500E77633 /* memory_allocator.h in breakpad/src/common/ */,
				787C48B32800365700E77633 /* md5.h in breakpad/src/common/ */,
				787C48B22800364E00E77633 /* macros.h in breakpad/src/common/ */,
				787C48B12800364600E77633 /* long_string_dictionary.h in breakpad/src/common/ */,
				787C48B02800363E00E77633 /* convert_UTF.h in breakpad/src/common/ */,
				787C48B9280036D100E77633 /* basictypes.h in breakpad/src/common/ */,
			);
			name = breakpad/src/common/;
			runOnlyForDeploymentPostprocessing = 0;
		};
		787C48BB2800370A00E77633 /* breakpad/src/common/mac/ */ = {
			isa = PBXCopyFilesBuildPhase;
			buildActionMask = 2147483647;
			dstPath = include/common/mac;
			dstSubfolderSpec = 16;
			files = (
				787C48C4280037D900E77633 /* GTMDefines.h in breakpad/src/common/mac/ */,
				787C48BD280037AE00E77633 /* scoped_task_suspend-inl.h in breakpad/src/common/mac/ */,
				787C48BE280037B200E77633 /* string_utilities.h in breakpad/src/common/mac/ */,
				787C48BF280037BA00E77633 /* byteswap.h in breakpad/src/common/mac/ */,
				787C48C0280037BE00E77633 /* encoding_util.h in breakpad/src/common/mac/ */,
				787C48C1280037CC00E77633 /* macho_id.h in breakpad/src/common/mac/ */,
				787C48C2280037CF00E77633 /* GTMLogger.h in breakpad/src/common/mac/ */,
				787C48C3280037D300E77633 /* macho_walker.h in breakpad/src/common/mac/ */,
				787C48C5280037DD00E77633 /* HTTPRequest.h in breakpad/src/common/mac/ */,
				787C48C6280037E300E77633 /* file_id.h in breakpad/src/common/mac/ */,
				787C48C7280037E800E77633 /* macho_utilities.h in breakpad/src/common/mac/ */,
				787C48C8280037EB00E77633 /* HTTPMultipartUpload.h in breakpad/src/common/mac/ */,
			);
			name = breakpad/src/common/mac/;
			runOnlyForDeploymentPostprocessing = 0;
		};
		787C48C92800381000E77633 /* breakpad/src/google_breakpad/common/ */ = {
			isa = PBXCopyFilesBuildPhase;
			buildActionMask = 2147483647;
			dstPath = include/google_breakpad/common;
			dstSubfolderSpec = 16;
			files = (
				787C48CD2800386100E77633 /* minidump_cpu_ppc.h in breakpad/src/google_breakpad/common/ */,
				787C48CA2800385600E77633 /* minidump_exception_solaris.h in breakpad/src/google_breakpad/common/ */,
				787C48CB2800385900E77633 /* minidump_exception_fuchsia.h in breakpad/src/google_breakpad/common/ */,
				787C48CC2800385D00E77633 /* minidump_cpu_arm64.h in breakpad/src/google_breakpad/common/ */,
				787C48CE2800386B00E77633 /* minidump_format.h in breakpad/src/google_breakpad/common/ */,
				787C48CF2800387500E77633 /* minidump_exception_mac.h in breakpad/src/google_breakpad/common/ */,
				787C48D02800387C00E77633 /* minidump_cpu_mips.h in breakpad/src/google_breakpad/common/ */,
				787C48D12800388300E77633 /* minidump_exception_win32.h in breakpad/src/google_breakpad/common/ */,
				787C48D22800389100E77633 /* minidump_cpu_x86.h in breakpad/src/google_breakpad/common/ */,
				787C48D32800389500E77633 /* minidump_cpu_sparc.h in breakpad/src/google_breakpad/common/ */,
				787C48D4280038A400E77633 /* minidump_cpu_amd64.h in breakpad/src/google_breakpad/common/ */,
				787C48D5280038A900E77633 /* minidump_cpu_arm.h in breakpad/src/google_breakpad/common/ */,
				787C48D6280038AD00E77633 /* minidump_size.h in breakpad/src/google_breakpad/common/ */,
				787C48D7280038B100E77633 /* minidump_exception_linux.h in breakpad/src/google_breakpad/common/ */,
				787C48D8280038BB00E77633 /* minidump_cpu_ppc64.h in breakpad/src/google_breakpad/common/ */,
				787C48D9280038BF00E77633 /* breakpad_types.h in breakpad/src/google_breakpad/common/ */,
				787C48DA280038C400E77633 /* minidump_exception_ps3.h in breakpad/src/google_breakpad/common/ */,
			);
			name = breakpad/src/google_breakpad/common/;
			runOnlyForDeploymentPostprocessing = 0;
		};
		787C48EB2800393400E77633 /* breakpadext */ = {
			isa = PBXCopyFilesBuildPhase;
			buildActionMask = 2147483647;
			dstPath = include;
			dstSubfolderSpec = 16;
			files = (
				787C48EC280039DC00E77633 /* Breakpad.hpp in breakpadext */,
				787C48ED280039DC00E77633 /* BreakPadExt.h in breakpadext */,
				787C48EE280039DC00E77633 /* BreakPadExt.hpp in breakpadext */,
				787C48EF280039DC00E77633 /* BreakPadExtController.h in breakpadext */,
			);
			name = breakpadext;
			runOnlyForDeploymentPostprocessing = 0;
		};
		787C49272800456600E77633 /* breakpad/src/client/ */ = {
			isa = PBXCopyFilesBuildPhase;
			buildActionMask = 2147483647;
			dstPath = "$(PRODUCT_NAME).framework/Headers/client";
			dstSubfolderSpec = 16;
			files = (
				787C4B4728004D6E00E77633 /* minidump_file_writer.h in breakpad/src/client/ */,
				787C4B4828004D6E00E77633 /* minidump_file_writer-inl.h in breakpad/src/client/ */,
			);
			name = breakpad/src/client/;
			runOnlyForDeploymentPostprocessing = 0;
		};
		787C49292800486400E77633 /* breakpad/src/client/ios/ */ = {
			isa = PBXCopyFilesBuildPhase;
			buildActionMask = 2147483647;
			dstPath = "$(PRODUCT_NAME).framework/Headers/client/ios";
			dstSubfolderSpec = 16;
			files = (
				787C4B4928004D6E00E77633 /* BreakpadController.h in breakpad/src/client/ios/ */,
				787C4B4A28004D6E00E77633 /* Breakpad.h in breakpad/src/client/ios/ */,
			);
			name = breakpad/src/client/ios/;
			runOnlyForDeploymentPostprocessing = 0;
		};
		787C492A2800486F00E77633 /* breakpad/src/client/ios/handler/ */ = {
			isa = PBXCopyFilesBuildPhase;
			buildActionMask = 2147483647;
			dstPath = "$(PRODUCT_NAME).framework/Headers/client/ios/handler";
			dstSubfolderSpec = 16;
			files = (
				787C4B4B28004D6E00E77633 /* ios_exception_minidump_generator.h in breakpad/src/client/ios/handler/ */,
			);
			name = breakpad/src/client/ios/handler/;
			runOnlyForDeploymentPostprocessing = 0;
		};
		787C492B2800487B00E77633 /* breakpad/src/client/apple/Framework/ */ = {
			isa = PBXCopyFilesBuildPhase;
			buildActionMask = 2147483647;
			dstPath = "$(PRODUCT_NAME).framework/Headers/client/apple/Framework";
			dstSubfolderSpec = 16;
			files = (
				787C4B4C28004D6E00E77633 /* BreakpadDefines.h in breakpad/src/client/apple/Framework/ */,
			);
			name = breakpad/src/client/apple/Framework/;
			runOnlyForDeploymentPostprocessing = 0;
		};
		787C492C2800488700E77633 /* breakpad/src/client/mac/handler/ */ = {
			isa = PBXCopyFilesBuildPhase;
			buildActionMask = 2147483647;
			dstPath = "$(PRODUCT_NAME).framework/Headers/client/mac/handler";
			dstSubfolderSpec = 16;
			files = (
				787C4B4D28004D6E00E77633 /* mach_vm_compat.h in breakpad/src/client/mac/handler/ */,
				787C4B4E28004D6E00E77633 /* protected_memory_allocator.h in breakpad/src/client/mac/handler/ */,
				787C4B4F28004D6E00E77633 /* minidump_generator.h in breakpad/src/client/mac/handler/ */,
				787C4B5028004D6E00E77633 /* exception_handler.h in breakpad/src/client/mac/handler/ */,
				787C4B5128004D6E00E77633 /* dynamic_images.h in breakpad/src/client/mac/handler/ */,
				787C4B5228004D6E00E77633 /* breakpad_nlist_64.h in breakpad/src/client/mac/handler/ */,
				787C4B5328004D6E00E77633 /* ucontext_compat.h in breakpad/src/client/mac/handler/ */,
			);
			name = breakpad/src/client/mac/handler/;
			runOnlyForDeploymentPostprocessing = 0;
		};
		787C492D2800489400E77633 /* breakpad/src/client/mac/crash_generation/ */ = {
			isa = PBXCopyFilesBuildPhase;
			buildActionMask = 2147483647;
			dstPath = "$(PRODUCT_NAME).framework/Headers/client/mac/crash_generation";
			dstSubfolderSpec = 16;
			files = (
				787C4B5428004D6E00E77633 /* ConfigFile.h in breakpad/src/client/mac/crash_generation/ */,
			);
			name = breakpad/src/client/mac/crash_generation/;
			runOnlyForDeploymentPostprocessing = 0;
		};
		787C492E2800489F00E77633 /* breakpad/src/client/mac/sender/ */ = {
			isa = PBXCopyFilesBuildPhase;
			buildActionMask = 2147483647;
			dstPath = "$(PRODUCT_NAME).framework/Headers/client/mac/sender";
			dstSubfolderSpec = 16;
			files = (
				787C4B5528004D6E00E77633 /* uploader.h in breakpad/src/client/mac/sender/ */,
			);
			name = breakpad/src/client/mac/sender/;
			runOnlyForDeploymentPostprocessing = 0;
		};
		787C492F280048B700E77633 /* breakpad/src/common/linux/ */ = {
			isa = PBXCopyFilesBuildPhase;
			buildActionMask = 2147483647;
			dstPath = "$(PRODUCT_NAME).framework/Headers/common/linux";
			dstSubfolderSpec = 16;
			files = (
				787C4B5628004D6E00E77633 /* linux_libc_support.h in breakpad/src/common/linux/ */,
			);
			name = breakpad/src/common/linux/;
			runOnlyForDeploymentPostprocessing = 0;
		};
		787C4930280048C400E77633 /* breakpad/src/common/ */ = {
			isa = PBXCopyFilesBuildPhase;
			buildActionMask = 2147483647;
			dstPath = "$(PRODUCT_NAME).framework/Headers/common";
			dstSubfolderSpec = 16;
			files = (
				787C4B5728004D6E00E77633 /* using_std_string.h in breakpad/src/common/ */,
				787C4B5828004D6E00E77633 /* simple_string_dictionary.h in breakpad/src/common/ */,
				787C4B5928004D6E00E77633 /* string_conversion.h in breakpad/src/common/ */,
				787C4B5A28004D6E00E77633 /* scoped_ptr.h in breakpad/src/common/ */,
				787C4B5B28004D6E00E77633 /* memory_allocator.h in breakpad/src/common/ */,
				787C4B5C28004D6E00E77633 /* md5.h in breakpad/src/common/ */,
				787C4B5D28004D6E00E77633 /* macros.h in breakpad/src/common/ */,
				787C4B5E28004D6E00E77633 /* long_string_dictionary.h in breakpad/src/common/ */,
				787C4B5F28004D6E00E77633 /* convert_UTF.h in breakpad/src/common/ */,
				787C4B6028004D6E00E77633 /* basictypes.h in breakpad/src/common/ */,
			);
			name = breakpad/src/common/;
			runOnlyForDeploymentPostprocessing = 0;
		};
		787C4931280048D000E77633 /* breakpad/src/common/mac/ */ = {
			isa = PBXCopyFilesBuildPhase;
			buildActionMask = 2147483647;
			dstPath = "$(PRODUCT_NAME).framework/Headers/common/mac";
			dstSubfolderSpec = 16;
			files = (
				787C4B6128004D6E00E77633 /* GTMDefines.h in breakpad/src/common/mac/ */,
				787C4B6228004D6E00E77633 /* scoped_task_suspend-inl.h in breakpad/src/common/mac/ */,
				787C4B6328004D6E00E77633 /* string_utilities.h in breakpad/src/common/mac/ */,
				787C4B6428004D6E00E77633 /* byteswap.h in breakpad/src/common/mac/ */,
				787C4B6528004D6E00E77633 /* encoding_util.h in breakpad/src/common/mac/ */,
				787C4B6628004D6E00E77633 /* macho_id.h in breakpad/src/common/mac/ */,
				787C4B6728004D6E00E77633 /* GTMLogger.h in breakpad/src/common/mac/ */,
				787C4B6828004D6E00E77633 /* macho_walker.h in breakpad/src/common/mac/ */,
				787C4B6928004D6E00E77633 /* HTTPRequest.h in breakpad/src/common/mac/ */,
				787C4B6A28004D6E00E77633 /* file_id.h in breakpad/src/common/mac/ */,
				787C4B6B28004D6E00E77633 /* macho_utilities.h in breakpad/src/common/mac/ */,
				787C4B6C28004D6E00E77633 /* HTTPMultipartUpload.h in breakpad/src/common/mac/ */,
			);
			name = breakpad/src/common/mac/;
			runOnlyForDeploymentPostprocessing = 0;
		};
		787C4932280048DB00E77633 /* breakpad/src/google_breakpad/common/ */ = {
			isa = PBXCopyFilesBuildPhase;
			buildActionMask = 2147483647;
			dstPath = "$(PRODUCT_NAME).framework/Headers/google_breakpad/common";
			dstSubfolderSpec = 16;
			files = (
				787C4B6D28004D6E00E77633 /* minidump_cpu_ppc.h in breakpad/src/google_breakpad/common/ */,
				787C4B6E28004D6E00E77633 /* minidump_exception_solaris.h in breakpad/src/google_breakpad/common/ */,
				787C4B6F28004D6E00E77633 /* minidump_exception_fuchsia.h in breakpad/src/google_breakpad/common/ */,
				787C4B7028004D6E00E77633 /* minidump_cpu_arm64.h in breakpad/src/google_breakpad/common/ */,
				787C4B7128004D6E00E77633 /* minidump_format.h in breakpad/src/google_breakpad/common/ */,
				787C4B7228004D6E00E77633 /* minidump_exception_mac.h in breakpad/src/google_breakpad/common/ */,
				787C4B7328004D6E00E77633 /* minidump_cpu_mips.h in breakpad/src/google_breakpad/common/ */,
				787C4B7428004D6E00E77633 /* minidump_exception_win32.h in breakpad/src/google_breakpad/common/ */,
				787C4B7528004D6E00E77633 /* minidump_cpu_x86.h in breakpad/src/google_breakpad/common/ */,
				787C4B7628004D6E00E77633 /* minidump_cpu_sparc.h in breakpad/src/google_breakpad/common/ */,
				787C4B7728004D6E00E77633 /* minidump_cpu_amd64.h in breakpad/src/google_breakpad/common/ */,
				787C4B7828004D6E00E77633 /* minidump_cpu_arm.h in breakpad/src/google_breakpad/common/ */,
				787C4B7928004D6E00E77633 /* minidump_size.h in breakpad/src/google_breakpad/common/ */,
				787C4B7A28004D6E00E77633 /* minidump_exception_linux.h in breakpad/src/google_breakpad/common/ */,
				787C4B7B28004D6E00E77633 /* minidump_cpu_ppc64.h in breakpad/src/google_breakpad/common/ */,
				787C4B7C28004D6E00E77633 /* breakpad_types.h in breakpad/src/google_breakpad/common/ */,
				787C4B7D28004D6E00E77633 /* minidump_exception_ps3.h in breakpad/src/google_breakpad/common/ */,
			);
			name = breakpad/src/google_breakpad/common/;
			runOnlyForDeploymentPostprocessing = 0;
		};
		787C4933280048E600E77633 /* breakpadext */ = {
			isa = PBXCopyFilesBuildPhase;
			buildActionMask = 2147483647;
			dstPath = "$(PRODUCT_NAME).framework/Headers";
			dstSubfolderSpec = 16;
			files = (
				787C4B7E28004D6E00E77633 /* Breakpad.hpp in breakpadext */,
				787C4B7F28004D6E00E77633 /* BreakPadExt.h in breakpadext */,
				787C4B8028004D6E00E77633 /* BreakPadExt.hpp in breakpadext */,
				787C4B8128004D6E00E77633 /* BreakPadExtController.h in breakpadext */,
			);
			name = breakpadext;
			runOnlyForDeploymentPostprocessing = 0;
		};
/* End PBXCopyFilesBuildPhase section */

/* Begin PBXFileReference section */
		787C4810280029E500E77633 /* libBreakPadExt.a */ = {isa = PBXFileReference; explicitFileType = archive.ar; includeInIndex = 0; path = libBreakPadExt.a; sourceTree = BUILT_PRODUCTS_DIR; };
		787C482128002D4500E77633 /* Breakpad.hpp */ = {isa = PBXFileReference; lastKnownFileType = sourcecode.cpp.h; path = Breakpad.hpp; sourceTree = "<group>"; };
		787C482228002D4500E77633 /* BreakPadExt.h */ = {isa = PBXFileReference; lastKnownFileType = sourcecode.c.h; path = BreakPadExt.h; sourceTree = "<group>"; };
		787C482328002D4500E77633 /* BreakPadExtController.mm */ = {isa = PBXFileReference; lastKnownFileType = sourcecode.cpp.objcpp; path = BreakPadExtController.mm; sourceTree = "<group>"; };
		787C482428002D4500E77633 /* BreakPadExt.mm */ = {isa = PBXFileReference; lastKnownFileType = sourcecode.cpp.objcpp; path = BreakPadExt.mm; sourceTree = "<group>"; };
		787C482528002D4500E77633 /* BreakPadExt.hpp */ = {isa = PBXFileReference; lastKnownFileType = sourcecode.cpp.h; path = BreakPadExt.hpp; sourceTree = "<group>"; };
		787C482628002D4500E77633 /* BreakPadExtController.h */ = {isa = PBXFileReference; lastKnownFileType = sourcecode.c.h; path = BreakPadExtController.h; sourceTree = "<group>"; };
		787C482A28002D4500E77633 /* scoped_ptr.h */ = {isa = PBXFileReference; lastKnownFileType = sourcecode.c.h; path = scoped_ptr.h; sourceTree = "<group>"; };
		787C482B28002D4500E77633 /* long_string_dictionary.cc */ = {isa = PBXFileReference; lastKnownFileType = sourcecode.cpp.cpp; path = long_string_dictionary.cc; sourceTree = "<group>"; };
		787C482C28002D4500E77633 /* md5.cc */ = {isa = PBXFileReference; lastKnownFileType = sourcecode.cpp.cpp; path = md5.cc; sourceTree = "<group>"; };
		787C482D28002D4500E77633 /* convert_UTF.h */ = {isa = PBXFileReference; lastKnownFileType = sourcecode.c.h; path = convert_UTF.h; sourceTree = "<group>"; };
		787C482E28002D4500E77633 /* string_conversion.cc */ = {isa = PBXFileReference; lastKnownFileType = sourcecode.cpp.cpp; path = string_conversion.cc; sourceTree = "<group>"; };
		787C482F28002D4500E77633 /* simple_string_dictionary.h */ = {isa = PBXFileReference; lastKnownFileType = sourcecode.c.h; path = simple_string_dictionary.h; sourceTree = "<group>"; };
		787C483028002D4500E77633 /* convert_UTF.cc */ = {isa = PBXFileReference; lastKnownFileType = sourcecode.cpp.cpp; path = convert_UTF.cc; sourceTree = "<group>"; };
		787C483128002D4500E77633 /* memory_allocator.h */ = {isa = PBXFileReference; lastKnownFileType = sourcecode.c.h; path = memory_allocator.h; sourceTree = "<group>"; };
		787C483228002D4500E77633 /* md5.h */ = {isa = PBXFileReference; lastKnownFileType = sourcecode.c.h; path = md5.h; sourceTree = "<group>"; };
		787C483328002D4500E77633 /* using_std_string.h */ = {isa = PBXFileReference; lastKnownFileType = sourcecode.c.h; path = using_std_string.h; sourceTree = "<group>"; };
		787C483528002D4500E77633 /* macho_walker.cc */ = {isa = PBXFileReference; lastKnownFileType = sourcecode.cpp.cpp; path = macho_walker.cc; sourceTree = "<group>"; };
		787C483628002D4500E77633 /* encoding_util.m */ = {isa = PBXFileReference; lastKnownFileType = sourcecode.c.objc; path = encoding_util.m; sourceTree = "<group>"; };
		787C483728002D4500E77633 /* scoped_task_suspend-inl.h */ = {isa = PBXFileReference; lastKnownFileType = sourcecode.c.h; path = "scoped_task_suspend-inl.h"; sourceTree = "<group>"; };
		787C483828002D4500E77633 /* GTMLogger.m */ = {isa = PBXFileReference; lastKnownFileType = sourcecode.c.objc; path = GTMLogger.m; sourceTree = "<group>"; };
		787C483928002D4500E77633 /* string_utilities.h */ = {isa = PBXFileReference; lastKnownFileType = sourcecode.c.h; path = string_utilities.h; sourceTree = "<group>"; };
		787C483A28002D4500E77633 /* HTTPRequest.m */ = {isa = PBXFileReference; lastKnownFileType = sourcecode.c.objc; path = HTTPRequest.m; sourceTree = "<group>"; };
		787C483B28002D4500E77633 /* macho_id.cc */ = {isa = PBXFileReference; lastKnownFileType = sourcecode.cpp.cpp; path = macho_id.cc; sourceTree = "<group>"; };
		787C483C28002D4500E77633 /* file_id.cc */ = {isa = PBXFileReference; lastKnownFileType = sourcecode.cpp.cpp; path = file_id.cc; sourceTree = "<group>"; };
		787C483D28002D4500E77633 /* HTTPMultipartUpload.m */ = {isa = PBXFileReference; lastKnownFileType = sourcecode.c.objc; path = HTTPMultipartUpload.m; sourceTree = "<group>"; };
		787C483E28002D4500E77633 /* macho_utilities.cc */ = {isa = PBXFileReference; lastKnownFileType = sourcecode.cpp.cpp; path = macho_utilities.cc; sourceTree = "<group>"; };
		787C483F28002D4500E77633 /* byteswap.h */ = {isa = PBXFileReference; lastKnownFileType = sourcecode.c.h; path = byteswap.h; sourceTree = "<group>"; };
		787C484028002D4500E77633 /* encoding_util.h */ = {isa = PBXFileReference; lastKnownFileType = sourcecode.c.h; path = encoding_util.h; sourceTree = "<group>"; };
		787C484128002D4500E77633 /* macho_id.h */ = {isa = PBXFileReference; lastKnownFileType = sourcecode.c.h; path = macho_id.h; sourceTree = "<group>"; };
		787C484228002D4500E77633 /* GTMLogger.h */ = {isa = PBXFileReference; lastKnownFileType = sourcecode.c.h; path = GTMLogger.h; sourceTree = "<group>"; };
		787C484328002D4500E77633 /* string_utilities.cc */ = {isa = PBXFileReference; lastKnownFileType = sourcecode.cpp.cpp; path = string_utilities.cc; sourceTree = "<group>"; };
		787C484428002D4500E77633 /* macho_walker.h */ = {isa = PBXFileReference; lastKnownFileType = sourcecode.c.h; path = macho_walker.h; sourceTree = "<group>"; };
		787C484528002D4500E77633 /* GTMDefines.h */ = {isa = PBXFileReference; lastKnownFileType = sourcecode.c.h; path = GTMDefines.h; sourceTree = "<group>"; };
		787C484628002D4500E77633 /* HTTPRequest.h */ = {isa = PBXFileReference; lastKnownFileType = sourcecode.c.h; path = HTTPRequest.h; sourceTree = "<group>"; };
		787C484728002D4500E77633 /* file_id.h */ = {isa = PBXFileReference; lastKnownFileType = sourcecode.c.h; path = file_id.h; sourceTree = "<group>"; };
		787C484828002D4500E77633 /* macho_utilities.h */ = {isa = PBXFileReference; lastKnownFileType = sourcecode.c.h; path = macho_utilities.h; sourceTree = "<group>"; };
		787C484928002D4500E77633 /* HTTPMultipartUpload.h */ = {isa = PBXFileReference; lastKnownFileType = sourcecode.c.h; path = HTTPMultipartUpload.h; sourceTree = "<group>"; };
		787C484A28002D4500E77633 /* macros.h */ = {isa = PBXFileReference; lastKnownFileType = sourcecode.c.h; path = macros.h; sourceTree = "<group>"; };
		787C484C28002D4500E77633 /* linux_libc_support.h */ = {isa = PBXFileReference; lastKnownFileType = sourcecode.c.h; path = linux_libc_support.h; sourceTree = "<group>"; };
		787C484D28002D4500E77633 /* simple_string_dictionary.cc */ = {isa = PBXFileReference; lastKnownFileType = sourcecode.cpp.cpp; path = simple_string_dictionary.cc; sourceTree = "<group>"; };
		787C484E28002D4500E77633 /* basictypes.h */ = {isa = PBXFileReference; lastKnownFileType = sourcecode.c.h; path = basictypes.h; sourceTree = "<group>"; };
		787C484F28002D4500E77633 /* string_conversion.h */ = {isa = PBXFileReference; lastKnownFileType = sourcecode.c.h; path = string_conversion.h; sourceTree = "<group>"; };
		787C485028002D4500E77633 /* long_string_dictionary.h */ = {isa = PBXFileReference; lastKnownFileType = sourcecode.c.h; path = long_string_dictionary.h; sourceTree = "<group>"; };
		787C485328002D4500E77633 /* minidump_exception_solaris.h */ = {isa = PBXFileReference; lastKnownFileType = sourcecode.c.h; path = minidump_exception_solaris.h; sourceTree = "<group>"; };
		787C485428002D4500E77633 /* minidump_exception_fuchsia.h */ = {isa = PBXFileReference; lastKnownFileType = sourcecode.c.h; path = minidump_exception_fuchsia.h; sourceTree = "<group>"; };
		787C485528002D4500E77633 /* minidump_cpu_arm64.h */ = {isa = PBXFileReference; lastKnownFileType = sourcecode.c.h; path = minidump_cpu_arm64.h; sourceTree = "<group>"; };
		787C485628002D4500E77633 /* minidump_cpu_ppc.h */ = {isa = PBXFileReference; lastKnownFileType = sourcecode.c.h; path = minidump_cpu_ppc.h; sourceTree = "<group>"; };
		787C485728002D4500E77633 /* minidump_format.h */ = {isa = PBXFileReference; lastKnownFileType = sourcecode.c.h; path = minidump_format.h; sourceTree = "<group>"; };
		787C485828002D4500E77633 /* minidump_exception_mac.h */ = {isa = PBXFileReference; lastKnownFileType = sourcecode.c.h; path = minidump_exception_mac.h; sourceTree = "<group>"; };
		787C485928002D4500E77633 /* minidump_cpu_mips.h */ = {isa = PBXFileReference; lastKnownFileType = sourcecode.c.h; path = minidump_cpu_mips.h; sourceTree = "<group>"; };
		787C485A28002D4500E77633 /* minidump_exception_win32.h */ = {isa = PBXFileReference; lastKnownFileType = sourcecode.c.h; path = minidump_exception_win32.h; sourceTree = "<group>"; };
		787C485B28002D4500E77633 /* minidump_cpu_x86.h */ = {isa = PBXFileReference; lastKnownFileType = sourcecode.c.h; path = minidump_cpu_x86.h; sourceTree = "<group>"; };
		787C485C28002D4600E77633 /* minidump_cpu_sparc.h */ = {isa = PBXFileReference; lastKnownFileType = sourcecode.c.h; path = minidump_cpu_sparc.h; sourceTree = "<group>"; };
		787C485D28002D4600E77633 /* minidump_cpu_amd64.h */ = {isa = PBXFileReference; lastKnownFileType = sourcecode.c.h; path = minidump_cpu_amd64.h; sourceTree = "<group>"; };
		787C485E28002D4600E77633 /* minidump_cpu_arm.h */ = {isa = PBXFileReference; lastKnownFileType = sourcecode.c.h; path = minidump_cpu_arm.h; sourceTree = "<group>"; };
		787C485F28002D4600E77633 /* minidump_size.h */ = {isa = PBXFileReference; lastKnownFileType = sourcecode.c.h; path = minidump_size.h; sourceTree = "<group>"; };
		787C486028002D4600E77633 /* minidump_exception_linux.h */ = {isa = PBXFileReference; lastKnownFileType = sourcecode.c.h; path = minidump_exception_linux.h; sourceTree = "<group>"; };
		787C486128002D4600E77633 /* minidump_cpu_ppc64.h */ = {isa = PBXFileReference; lastKnownFileType = sourcecode.c.h; path = minidump_cpu_ppc64.h; sourceTree = "<group>"; };
		787C486228002D4600E77633 /* breakpad_types.h */ = {isa = PBXFileReference; lastKnownFileType = sourcecode.c.h; path = breakpad_types.h; sourceTree = "<group>"; };
		787C486328002D4600E77633 /* minidump_exception_ps3.h */ = {isa = PBXFileReference; lastKnownFileType = sourcecode.c.h; path = minidump_exception_ps3.h; sourceTree = "<group>"; };
		787C486728002D4600E77633 /* BreakpadDefines.h */ = {isa = PBXFileReference; lastKnownFileType = sourcecode.c.h; path = BreakpadDefines.h; sourceTree = "<group>"; };
		787C486828002D4600E77633 /* minidump_file_writer.cc */ = {isa = PBXFileReference; lastKnownFileType = sourcecode.cpp.cpp; path = minidump_file_writer.cc; sourceTree = "<group>"; };
		787C486928002D4600E77633 /* minidump_file_writer-inl.h */ = {isa = PBXFileReference; lastKnownFileType = sourcecode.c.h; path = "minidump_file_writer-inl.h"; sourceTree = "<group>"; };
		787C486C28002D4600E77633 /* ios_exception_minidump_generator.mm */ = {isa = PBXFileReference; lastKnownFileType = sourcecode.cpp.objcpp; path = ios_exception_minidump_generator.mm; sourceTree = "<group>"; };
		787C486D28002D4600E77633 /* ios_exception_minidump_generator.h */ = {isa = PBXFileReference; lastKnownFileType = sourcecode.c.h; path = ios_exception_minidump_generator.h; sourceTree = "<group>"; };
		787C486E28002D4600E77633 /* Breakpad.mm */ = {isa = PBXFileReference; lastKnownFileType = sourcecode.cpp.objcpp; path = Breakpad.mm; sourceTree = "<group>"; };
		787C486F28002D4600E77633 /* Breakpad.h */ = {isa = PBXFileReference; lastKnownFileType = sourcecode.c.h; path = Breakpad.h; sourceTree = "<group>"; };
		787C487028002D4600E77633 /* BreakpadController.h */ = {isa = PBXFileReference; lastKnownFileType = sourcecode.c.h; path = BreakpadController.h; sourceTree = "<group>"; };
		787C487128002D4600E77633 /* BreakpadController.mm */ = {isa = PBXFileReference; lastKnownFileType = sourcecode.cpp.objcpp; path = BreakpadController.mm; sourceTree = "<group>"; };
		787C487428002D4600E77633 /* breakpad_nlist_64.cc */ = {isa = PBXFileReference; lastKnownFileType = sourcecode.cpp.cpp; path = breakpad_nlist_64.cc; sourceTree = "<group>"; };
		787C487528002D4600E77633 /* ucontext_compat.h */ = {isa = PBXFileReference; lastKnownFileType = sourcecode.c.h; path = ucontext_compat.h; sourceTree = "<group>"; };
		787C487628002D4600E77633 /* protected_memory_allocator.h */ = {isa = PBXFileReference; lastKnownFileType = sourcecode.c.h; path = protected_memory_allocator.h; sourceTree = "<group>"; };
		787C487728002D4600E77633 /* dynamic_images.h */ = {isa = PBXFileReference; lastKnownFileType = sourcecode.c.h; path = dynamic_images.h; sourceTree = "<group>"; };
		787C487828002D4600E77633 /* exception_handler.cc */ = {isa = PBXFileReference; lastKnownFileType = sourcecode.cpp.cpp; path = exception_handler.cc; sourceTree = "<group>"; };
		787C487928002D4600E77633 /* minidump_generator.h */ = {isa = PBXFileReference; lastKnownFileType = sourcecode.c.h; path = minidump_generator.h; sourceTree = "<group>"; };
		787C487A28002D4600E77633 /* minidump_generator.cc */ = {isa = PBXFileReference; lastKnownFileType = sourcecode.cpp.cpp; path = minidump_generator.cc; sourceTree = "<group>"; };
		787C487B28002D4600E77633 /* mach_vm_compat.h */ = {isa = PBXFileReference; lastKnownFileType = sourcecode.c.h; path = mach_vm_compat.h; sourceTree = "<group>"; };
		787C487C28002D4600E77633 /* breakpad_nlist_64.h */ = {isa = PBXFileReference; lastKnownFileType = sourcecode.c.h; path = breakpad_nlist_64.h; sourceTree = "<group>"; };
		787C487D28002D4600E77633 /* dynamic_images.cc */ = {isa = PBXFileReference; lastKnownFileType = sourcecode.cpp.cpp; path = dynamic_images.cc; sourceTree = "<group>"; };
		787C487E28002D4600E77633 /* protected_memory_allocator.cc */ = {isa = PBXFileReference; lastKnownFileType = sourcecode.cpp.cpp; path = protected_memory_allocator.cc; sourceTree = "<group>"; };
		787C487F28002D4600E77633 /* exception_handler.h */ = {isa = PBXFileReference; lastKnownFileType = sourcecode.c.h; path = exception_handler.h; sourceTree = "<group>"; };
		787C488128002D4600E77633 /* uploader.h */ = {isa = PBXFileReference; lastKnownFileType = sourcecode.c.h; path = uploader.h; sourceTree = "<group>"; };
		787C488228002D4600E77633 /* uploader.mm */ = {isa = PBXFileReference; lastKnownFileType = sourcecode.cpp.objcpp; path = uploader.mm; sourceTree = "<group>"; };
		787C488428002D4600E77633 /* ConfigFile.h */ = {isa = PBXFileReference; lastKnownFileType = sourcecode.c.h; path = ConfigFile.h; sourceTree = "<group>"; };
		787C488528002D4600E77633 /* ConfigFile.mm */ = {isa = PBXFileReference; lastKnownFileType = sourcecode.cpp.objcpp; path = ConfigFile.mm; sourceTree = "<group>"; };
		787C488628002D4600E77633 /* minidump_file_writer.h */ = {isa = PBXFileReference; lastKnownFileType = sourcecode.c.h; path = minidump_file_writer.h; sourceTree = "<group>"; };
		787C48F5280041DC00E77633 /* BreakPadExtDylib.framework */ = {isa = PBXFileReference; explicitFileType = wrapper.framework; includeInIndex = 0; path = BreakPadExtDylib.framework; sourceTree = BUILT_PRODUCTS_DIR; };
		787C48F7280041DC00E77633 /* BreakPadExtDylib.h */ = {isa = PBXFileReference; lastKnownFileType = sourcecode.c.h; path = BreakPadExtDylib.h; sourceTree = "<group>"; };
		787C48F8280041DC00E77633 /* BreakPadExtDylib.docc */ = {isa = PBXFileReference; lastKnownFileType = folder.documentationcatalog; path = BreakPadExtDylib.docc; sourceTree = "<group>"; };
		787C48FE280041DC00E77633 /* BreakPadExtDylibTests.xctest */ = {isa = PBXFileReference; explicitFileType = wrapper.cfbundle; includeInIndex = 0; path = BreakPadExtDylibTests.xctest; sourceTree = BUILT_PRODUCTS_DIR; };
		787C4903280041DC00E77633 /* BreakPadExtDylibTests.m */ = {isa = PBXFileReference; lastKnownFileType = sourcecode.c.objc; path = BreakPadExtDylibTests.m; sourceTree = "<group>"; };
/* End PBXFileReference section */

/* Begin PBXFrameworksBuildPhase section */
		787C48F2280041DC00E77633 /* Frameworks */ = {
			isa = PBXFrameworksBuildPhase;
			buildActionMask = 2147483647;
			files = (
			);
			runOnlyForDeploymentPostprocessing = 0;
		};
		787C48FB280041DC00E77633 /* Frameworks */ = {
			isa = PBXFrameworksBuildPhase;
			buildActionMask = 2147483647;
			files = (
				787C48FF280041DC00E77633 /* BreakPadExtDylib.framework in Frameworks */,
			);
			runOnlyForDeploymentPostprocessing = 0;
		};
/* End PBXFrameworksBuildPhase section */

/* Begin PBXGroup section */
		595AABFBF160881A8DCE388B /* Frameworks */ = {
			isa = PBXGroup;
			children = (
			);
			name = Frameworks;
			sourceTree = "<group>";
		};
		787C4807280029E500E77633 = {
			isa = PBXGroup;
			children = (
				787C481D28002D4500E77633 /* BreakPadExt */,
				787C48F6280041DC00E77633 /* BreakPadExtDylib */,
				787C4902280041DC00E77633 /* BreakPadExtDylibTests */,
				787C4811280029E500E77633 /* Products */,
				595AABFBF160881A8DCE388B /* Frameworks */,
			);
			sourceTree = "<group>";
		};
		787C4811280029E500E77633 /* Products */ = {
			isa = PBXGroup;
			children = (
				787C4810280029E500E77633 /* libBreakPadExt.a */,
				787C48F5280041DC00E77633 /* BreakPadExtDylib.framework */,
				787C48FE280041DC00E77633 /* BreakPadExtDylibTests.xctest */,
			);
			name = Products;
			sourceTree = "<group>";
		};
		787C481D28002D4500E77633 /* BreakPadExt */ = {
			isa = PBXGroup;
			children = (
				787C481E28002D4500E77633 /* Classes */,
				787C488B28002D4600E77633 /* Assets */,
			);
			path = BreakPadExt;
			sourceTree = "<group>";
		};
		787C481E28002D4500E77633 /* Classes */ = {
			isa = PBXGroup;
			children = (
				787C482028002D4500E77633 /* breakpadext */,
				787C482728002D4500E77633 /* breakpad */,
			);
			path = Classes;
			sourceTree = "<group>";
		};
		787C482028002D4500E77633 /* breakpadext */ = {
			isa = PBXGroup;
			children = (
				787C482128002D4500E77633 /* Breakpad.hpp */,
				787C482228002D4500E77633 /* BreakPadExt.h */,
				787C482328002D4500E77633 /* BreakPadExtController.mm */,
				787C482428002D4500E77633 /* BreakPadExt.mm */,
				787C482528002D4500E77633 /* BreakPadExt.hpp */,
				787C482628002D4500E77633 /* BreakPadExtController.h */,
			);
			path = breakpadext;
			sourceTree = "<group>";
		};
		787C482728002D4500E77633 /* breakpad */ = {
			isa = PBXGroup;
			children = (
				787C482828002D4500E77633 /* src */,
			);
			path = breakpad;
			sourceTree = "<group>";
		};
		787C482828002D4500E77633 /* src */ = {
			isa = PBXGroup;
			children = (
				787C482928002D4500E77633 /* common */,
				787C485128002D4500E77633 /* google_breakpad */,
				787C486428002D4600E77633 /* client */,
			);
			path = src;
			sourceTree = "<group>";
		};
		787C482928002D4500E77633 /* common */ = {
			isa = PBXGroup;
			children = (
				787C482A28002D4500E77633 /* scoped_ptr.h */,
				787C482B28002D4500E77633 /* long_string_dictionary.cc */,
				787C482C28002D4500E77633 /* md5.cc */,
				787C482D28002D4500E77633 /* convert_UTF.h */,
				787C482E28002D4500E77633 /* string_conversion.cc */,
				787C482F28002D4500E77633 /* simple_string_dictionary.h */,
				787C483028002D4500E77633 /* convert_UTF.cc */,
				787C483128002D4500E77633 /* memory_allocator.h */,
				787C483228002D4500E77633 /* md5.h */,
				787C483328002D4500E77633 /* using_std_string.h */,
				787C483428002D4500E77633 /* mac */,
				787C484A28002D4500E77633 /* macros.h */,
				787C484B28002D4500E77633 /* linux */,
				787C484D28002D4500E77633 /* simple_string_dictionary.cc */,
				787C484E28002D4500E77633 /* basictypes.h */,
				787C484F28002D4500E77633 /* string_conversion.h */,
				787C485028002D4500E77633 /* long_string_dictionary.h */,
			);
			path = common;
			sourceTree = "<group>";
		};
		787C483428002D4500E77633 /* mac */ = {
			isa = PBXGroup;
			children = (
				787C483528002D4500E77633 /* macho_walker.cc */,
				787C483628002D4500E77633 /* encoding_util.m */,
				787C483728002D4500E77633 /* scoped_task_suspend-inl.h */,
				787C483828002D4500E77633 /* GTMLogger.m */,
				787C483928002D4500E77633 /* string_utilities.h */,
				787C483A28002D4500E77633 /* HTTPRequest.m */,
				787C483B28002D4500E77633 /* macho_id.cc */,
				787C483C28002D4500E77633 /* file_id.cc */,
				787C483D28002D4500E77633 /* HTTPMultipartUpload.m */,
				787C483E28002D4500E77633 /* macho_utilities.cc */,
				787C483F28002D4500E77633 /* byteswap.h */,
				787C484028002D4500E77633 /* encoding_util.h */,
				787C484128002D4500E77633 /* macho_id.h */,
				787C484228002D4500E77633 /* GTMLogger.h */,
				787C484328002D4500E77633 /* string_utilities.cc */,
				787C484428002D4500E77633 /* macho_walker.h */,
				787C484528002D4500E77633 /* GTMDefines.h */,
				787C484628002D4500E77633 /* HTTPRequest.h */,
				787C484728002D4500E77633 /* file_id.h */,
				787C484828002D4500E77633 /* macho_utilities.h */,
				787C484928002D4500E77633 /* HTTPMultipartUpload.h */,
			);
			path = mac;
			sourceTree = "<group>";
		};
		787C484B28002D4500E77633 /* linux */ = {
			isa = PBXGroup;
			children = (
				787C484C28002D4500E77633 /* linux_libc_support.h */,
			);
			path = linux;
			sourceTree = "<group>";
		};
		787C485128002D4500E77633 /* google_breakpad */ = {
			isa = PBXGroup;
			children = (
				787C485228002D4500E77633 /* common */,
			);
			path = google_breakpad;
			sourceTree = "<group>";
		};
		787C485228002D4500E77633 /* common */ = {
			isa = PBXGroup;
			children = (
				787C485328002D4500E77633 /* minidump_exception_solaris.h */,
				787C485428002D4500E77633 /* minidump_exception_fuchsia.h */,
				787C485528002D4500E77633 /* minidump_cpu_arm64.h */,
				787C485628002D4500E77633 /* minidump_cpu_ppc.h */,
				787C485728002D4500E77633 /* minidump_format.h */,
				787C485828002D4500E77633 /* minidump_exception_mac.h */,
				787C485928002D4500E77633 /* minidump_cpu_mips.h */,
				787C485A28002D4500E77633 /* minidump_exception_win32.h */,
				787C485B28002D4500E77633 /* minidump_cpu_x86.h */,
				787C485C28002D4600E77633 /* minidump_cpu_sparc.h */,
				787C485D28002D4600E77633 /* minidump_cpu_amd64.h */,
				787C485E28002D4600E77633 /* minidump_cpu_arm.h */,
				787C485F28002D4600E77633 /* minidump_size.h */,
				787C486028002D4600E77633 /* minidump_exception_linux.h */,
				787C486128002D4600E77633 /* minidump_cpu_ppc64.h */,
				787C486228002D4600E77633 /* breakpad_types.h */,
				787C486328002D4600E77633 /* minidump_exception_ps3.h */,
			);
			path = common;
			sourceTree = "<group>";
		};
		787C486428002D4600E77633 /* client */ = {
			isa = PBXGroup;
			children = (
				787C486528002D4600E77633 /* apple */,
				787C486828002D4600E77633 /* minidump_file_writer.cc */,
				787C486928002D4600E77633 /* minidump_file_writer-inl.h */,
				787C486A28002D4600E77633 /* ios */,
				787C487228002D4600E77633 /* mac */,
				787C488628002D4600E77633 /* minidump_file_writer.h */,
			);
			path = client;
			sourceTree = "<group>";
		};
		787C486528002D4600E77633 /* apple */ = {
			isa = PBXGroup;
			children = (
				787C486628002D4600E77633 /* Framework */,
			);
			path = apple;
			sourceTree = "<group>";
		};
		787C486628002D4600E77633 /* Framework */ = {
			isa = PBXGroup;
			children = (
				787C486728002D4600E77633 /* BreakpadDefines.h */,
			);
			path = Framework;
			sourceTree = "<group>";
		};
		787C486A28002D4600E77633 /* ios */ = {
			isa = PBXGroup;
			children = (
				787C486B28002D4600E77633 /* handler */,
				787C486E28002D4600E77633 /* Breakpad.mm */,
				787C486F28002D4600E77633 /* Breakpad.h */,
				787C487028002D4600E77633 /* BreakpadController.h */,
				787C487128002D4600E77633 /* BreakpadController.mm */,
			);
			path = ios;
			sourceTree = "<group>";
		};
		787C486B28002D4600E77633 /* handler */ = {
			isa = PBXGroup;
			children = (
				787C486C28002D4600E77633 /* ios_exception_minidump_generator.mm */,
				787C486D28002D4600E77633 /* ios_exception_minidump_generator.h */,
			);
			path = handler;
			sourceTree = "<group>";
		};
		787C487228002D4600E77633 /* mac */ = {
			isa = PBXGroup;
			children = (
				787C487328002D4600E77633 /* handler */,
				787C488028002D4600E77633 /* sender */,
				787C488328002D4600E77633 /* crash_generation */,
			);
			path = mac;
			sourceTree = "<group>";
		};
		787C487328002D4600E77633 /* handler */ = {
			isa = PBXGroup;
			children = (
				787C487428002D4600E77633 /* breakpad_nlist_64.cc */,
				787C487528002D4600E77633 /* ucontext_compat.h */,
				787C487628002D4600E77633 /* protected_memory_allocator.h */,
				787C487728002D4600E77633 /* dynamic_images.h */,
				787C487828002D4600E77633 /* exception_handler.cc */,
				787C487928002D4600E77633 /* minidump_generator.h */,
				787C487A28002D4600E77633 /* minidump_generator.cc */,
				787C487B28002D4600E77633 /* mach_vm_compat.h */,
				787C487C28002D4600E77633 /* breakpad_nlist_64.h */,
				787C487D28002D4600E77633 /* dynamic_images.cc */,
				787C487E28002D4600E77633 /* protected_memory_allocator.cc */,
				787C487F28002D4600E77633 /* exception_handler.h */,
			);
			path = handler;
			sourceTree = "<group>";
		};
		787C488028002D4600E77633 /* sender */ = {
			isa = PBXGroup;
			children = (
				787C488128002D4600E77633 /* uploader.h */,
				787C488228002D4600E77633 /* uploader.mm */,
			);
			path = sender;
			sourceTree = "<group>";
		};
		787C488328002D4600E77633 /* crash_generation */ = {
			isa = PBXGroup;
			children = (
				787C488428002D4600E77633 /* ConfigFile.h */,
				787C488528002D4600E77633 /* ConfigFile.mm */,
			);
			path = crash_generation;
			sourceTree = "<group>";
		};
		787C488B28002D4600E77633 /* Assets */ = {
			isa = PBXGroup;
			children = (
			);
			path = Assets;
			sourceTree = "<group>";
		};
		787C48F6280041DC00E77633 /* BreakPadExtDylib */ = {
			isa = PBXGroup;
			children = (
				787C48F7280041DC00E77633 /* BreakPadExtDylib.h */,
				787C48F8280041DC00E77633 /* BreakPadExtDylib.docc */,
			);
			path = BreakPadExtDylib;
			sourceTree = "<group>";
		};
		787C4902280041DC00E77633 /* BreakPadExtDylibTests */ = {
			isa = PBXGroup;
			children = (
				787C4903280041DC00E77633 /* BreakPadExtDylibTests.m */,
			);
			path = BreakPadExtDylibTests;
			sourceTree = "<group>";
		};
/* End PBXGroup section */

/* Begin PBXHeadersBuildPhase section */
		787C48F0280041DC00E77633 /* Headers */ = {
			isa = PBXHeadersBuildPhase;
			buildActionMask = 2147483647;
			files = (
				787C4905280041DC00E77633 /* BreakPadExtDylib.h in Headers */,
			);
			runOnlyForDeploymentPostprocessing = 0;
		};
/* End PBXHeadersBuildPhase section */

/* Begin PBXNativeTarget section */
		787C480F280029E500E77633 /* BreakPadExt */ = {
			isa = PBXNativeTarget;
			buildConfigurationList = 787C4819280029E500E77633 /* Build configuration list for PBXNativeTarget "BreakPadExt" */;
			buildPhases = (
				787C480C280029E500E77633 /* Sources */,
				787C480E280029E500E77633 /* breakpad/src/client/ */,
				787C489A2800313E00E77633 /* breakpad/src/client/ios/ */,
				787C489D2800342E00E77633 /* breakpad/src/client/ios/handler/ */,
				787C489F2800346900E77633 /* breakpad/src/client/apple/Framework/ */,
				787C48A1280034ED00E77633 /* breakpad/src/client/mac/handler/ */,
				787C48A92800358300E77633 /* breakpad/src/client/mac/crash_generation/ */,
				787C48AB280035BE00E77633 /* breakpad/src/client/mac/sender/ */,
				787C48AF2800361400E77633 /* breakpad/src/common/ */,
				787C48AD280035EB00E77633 /* breakpad/src/common/linux/ */,
				787C48BB2800370A00E77633 /* breakpad/src/common/mac/ */,
				787C48C92800381000E77633 /* breakpad/src/google_breakpad/common/ */,
				787C48EB2800393400E77633 /* breakpadext */,
			);
			buildRules = (
			);
			dependencies = (
			);
			name = BreakPadExt;
			productName = BreakPadExt;
			productReference = 787C4810280029E500E77633 /* libBreakPadExt.a */;
			productType = "com.apple.product-type.library.static";
		};
		787C48F4280041DC00E77633 /* BreakPadExtDylib */ = {
			isa = PBXNativeTarget;
			buildConfigurationList = 787C4906280041DC00E77633 /* Build configuration list for PBXNativeTarget "BreakPadExtDylib" */;
			buildPhases = (
				787C48F0280041DC00E77633 /* Headers */,
				787C48F1280041DC00E77633 /* Sources */,
				787C48F2280041DC00E77633 /* Frameworks */,
				787C48F3280041DC00E77633 /* Resources */,
				787C49272800456600E77633 /* breakpad/src/client/ */,
				787C49292800486400E77633 /* breakpad/src/client/ios/ */,
				787C492A2800486F00E77633 /* breakpad/src/client/ios/handler/ */,
				787C492B2800487B00E77633 /* breakpad/src/client/apple/Framework/ */,
				787C492C2800488700E77633 /* breakpad/src/client/mac/handler/ */,
				787C492D2800489400E77633 /* breakpad/src/client/mac/crash_generation/ */,
				787C492E2800489F00E77633 /* breakpad/src/client/mac/sender/ */,
				787C492F280048B700E77633 /* breakpad/src/common/linux/ */,
				787C4930280048C400E77633 /* breakpad/src/common/ */,
				787C4931280048D000E77633 /* breakpad/src/common/mac/ */,
				787C4932280048DB00E77633 /* breakpad/src/google_breakpad/common/ */,
				787C4933280048E600E77633 /* breakpadext */,
			);
			buildRules = (
			);
			dependencies = (
			);
			name = BreakPadExtDylib;
			productName = BreakPadExtDylib;
			productReference = 787C48F5280041DC00E77633 /* BreakPadExtDylib.framework */;
			productType = "com.apple.product-type.framework";
		};
		787C48FD280041DC00E77633 /* BreakPadExtDylibTests */ = {
			isa = PBXNativeTarget;
			buildConfigurationList = 787C4909280041DC00E77633 /* Build configuration list for PBXNativeTarget "BreakPadExtDylibTests" */;
			buildPhases = (
				787C48FA280041DC00E77633 /* Sources */,
				787C48FB280041DC00E77633 /* Frameworks */,
				787C48FC280041DC00E77633 /* Resources */,
			);
			buildRules = (
			);
			dependencies = (
				787C4901280041DC00E77633 /* PBXTargetDependency */,
			);
			name = BreakPadExtDylibTests;
			productName = BreakPadExtDylibTests;
			productReference = 787C48FE280041DC00E77633 /* BreakPadExtDylibTests.xctest */;
			productType = "com.apple.product-type.bundle.unit-test";
		};
/* End PBXNativeTarget section */

/* Begin PBXProject section */
		787C4808280029E500E77633 /* Project object */ = {
			isa = PBXProject;
			attributes = {
				BuildIndependentTargetsInParallel = 1;
				LastUpgradeCheck = 1330;
				TargetAttributes = {
					787C480F280029E500E77633 = {
						CreatedOnToolsVersion = 13.3;
					};
					787C48F4280041DC00E77633 = {
						CreatedOnToolsVersion = 13.3;
					};
					787C48FD280041DC00E77633 = {
						CreatedOnToolsVersion = 13.3;
					};
				};
			};
			buildConfigurationList = 787C480B280029E500E77633 /* Build configuration list for PBXProject "BreakPadExt" */;
			compatibilityVersion = "Xcode 13.0";
			developmentRegion = en;
			hasScannedForEncodings = 0;
			knownRegions = (
				en,
				Base,
			);
			mainGroup = 787C4807280029E500E77633;
			productRefGroup = 787C4811280029E500E77633 /* Products */;
			projectDirPath = "";
			projectRoot = "";
			targets = (
				787C480F280029E500E77633 /* BreakPadExt */,
				787C48F4280041DC00E77633 /* BreakPadExtDylib */,
				787C48FD280041DC00E77633 /* BreakPadExtDylibTests */,
			);
		};
/* End PBXProject section */

/* Begin PBXResourcesBuildPhase section */
		787C48F3280041DC00E77633 /* Resources */ = {
			isa = PBXResourcesBuildPhase;
			buildActionMask = 2147483647;
			files = (
			);
			runOnlyForDeploymentPostprocessing = 0;
		};
		787C48FC280041DC00E77633 /* Resources */ = {
			isa = PBXResourcesBuildPhase;
			buildActionMask = 2147483647;
			files = (
			);
			runOnlyForDeploymentPostprocessing = 0;
		};
/* End PBXResourcesBuildPhase section */

/* Begin PBXSourcesBuildPhase section */
		787C480C280029E500E77633 /* Sources */ = {
			isa = PBXSourcesBuildPhase;
			buildActionMask = 2147483647;
			files = (
				787C48DB2800391C00E77633 /* long_string_dictionary.cc in Sources */,
				787C48DC2800391C00E77633 /* md5.cc in Sources */,
				787C48DD2800391C00E77633 /* string_conversion.cc in Sources */,
				787C48DE2800391C00E77633 /* convert_UTF.cc in Sources */,
				787C48DF2800391C00E77633 /* macho_walker.cc in Sources */,
				787C48E02800391C00E77633 /* macho_id.cc in Sources */,
				787C48E12800391C00E77633 /* file_id.cc in Sources */,
				787C48E22800391C00E77633 /* macho_utilities.cc in Sources */,
				787C48E32800391C00E77633 /* string_utilities.cc in Sources */,
				787C48E42800391C00E77633 /* simple_string_dictionary.cc in Sources */,
				787C48E52800391C00E77633 /* minidump_file_writer.cc in Sources */,
				787C48E62800391C00E77633 /* breakpad_nlist_64.cc in Sources */,
				787C48E72800391C00E77633 /* exception_handler.cc in Sources */,
				787C48E82800391C00E77633 /* minidump_generator.cc in Sources */,
				787C48E92800391C00E77633 /* dynamic_images.cc in Sources */,
				787C48EA2800391C00E77633 /* protected_memory_allocator.cc in Sources */,
				787C489428002DE400E77633 /* encoding_util.m in Sources */,
				787C489528002DE400E77633 /* GTMLogger.m in Sources */,
				787C489628002DE400E77633 /* HTTPRequest.m in Sources */,
				787C489728002DE400E77633 /* HTTPMultipartUpload.m in Sources */,
				787C488F28002DDC00E77633 /* ios_exception_minidump_generator.mm in Sources */,
				787C489028002DDC00E77633 /* Breakpad.mm in Sources */,
				787C489128002DDC00E77633 /* BreakpadController.mm in Sources */,
				787C489228002DDC00E77633 /* uploader.mm in Sources */,
				787C489328002DDC00E77633 /* ConfigFile.mm in Sources */,
				787C488D28002DDC00E77633 /* BreakPadExtController.mm in Sources */,
				787C488E28002DDC00E77633 /* BreakPadExt.mm in Sources */,
			);
			runOnlyForDeploymentPostprocessing = 0;
		};
		787C48F1280041DC00E77633 /* Sources */ = {
			isa = PBXSourcesBuildPhase;
			buildActionMask = 2147483647;
			files = (
				787C48F9280041DC00E77633 /* BreakPadExtDylib.docc in Sources */,
				787C490C280043E700E77633 /* long_string_dictionary.cc in Sources */,
				787C490D280043E700E77633 /* md5.cc in Sources */,
				787C490E280043E700E77633 /* string_conversion.cc in Sources */,
				787C490F280043E700E77633 /* convert_UTF.cc in Sources */,
				787C4910280043E700E77633 /* macho_walker.cc in Sources */,
				787C4911280043E700E77633 /* macho_id.cc in Sources */,
				787C4912280043E700E77633 /* file_id.cc in Sources */,
				787C4913280043E700E77633 /* macho_utilities.cc in Sources */,
				787C4914280043E700E77633 /* string_utilities.cc in Sources */,
				787C4915280043E700E77633 /* simple_string_dictionary.cc in Sources */,
				787C4916280043E700E77633 /* minidump_file_writer.cc in Sources */,
				787C4917280043E700E77633 /* breakpad_nlist_64.cc in Sources */,
				787C4918280043E700E77633 /* exception_handler.cc in Sources */,
				787C4919280043E700E77633 /* minidump_generator.cc in Sources */,
				787C491A280043E700E77633 /* dynamic_images.cc in Sources */,
				787C491B280043E700E77633 /* protected_memory_allocator.cc in Sources */,
				787C491C280043E700E77633 /* encoding_util.m in Sources */,
				787C491D280043E700E77633 /* GTMLogger.m in Sources */,
				787C491E280043E700E77633 /* HTTPRequest.m in Sources */,
				787C491F280043E700E77633 /* HTTPMultipartUpload.m in Sources */,
				787C4920280043E700E77633 /* ios_exception_minidump_generator.mm in Sources */,
				787C4921280043E700E77633 /* Breakpad.mm in Sources */,
				787C4922280043E700E77633 /* BreakpadController.mm in Sources */,
				787C4923280043E700E77633 /* uploader.mm in Sources */,
				787C4924280043E700E77633 /* ConfigFile.mm in Sources */,
				787C4925280043E700E77633 /* BreakPadExtController.mm in Sources */,
				787C4926280043E700E77633 /* BreakPadExt.mm in Sources */,
			);
			runOnlyForDeploymentPostprocessing = 0;
		};
		787C48FA280041DC00E77633 /* Sources */ = {
			isa = PBXSourcesBuildPhase;
			buildActionMask = 2147483647;
			files = (
				787C4904280041DC00E77633 /* BreakPadExtDylibTests.m in Sources */,
			);
			runOnlyForDeploymentPostprocessing = 0;
		};
/* End PBXSourcesBuildPhase section */

/* Begin PBXTargetDependency section */
		787C4901280041DC00E77633 /* PBXTargetDependency */ = {
			isa = PBXTargetDependency;
			target = 787C48F4280041DC00E77633 /* BreakPadExtDylib */;
			targetProxy = 787C4900280041DC00E77633 /* PBXContainerItemProxy */;
		};
/* End PBXTargetDependency section */

/* Begin XCBuildConfiguration section */
		787C4817280029E500E77633 /* Debug */ = {
			isa = XCBuildConfiguration;
			buildSettings = {
				ALWAYS_SEARCH_USER_PATHS = NO;
				CLANG_ANALYZER_NONNULL = YES;
				CLANG_ANALYZER_NUMBER_OBJECT_CONVERSION = YES_AGGRESSIVE;
				CLANG_CXX_LANGUAGE_STANDARD = "gnu++17";
				CLANG_ENABLE_MODULES = YES;
				CLANG_ENABLE_OBJC_ARC = YES;
				CLANG_ENABLE_OBJC_WEAK = YES;
				CLANG_WARN_BLOCK_CAPTURE_AUTORELEASING = YES;
				CLANG_WARN_BOOL_CONVERSION = YES;
				CLANG_WARN_COMMA = YES;
				CLANG_WARN_CONSTANT_CONVERSION = YES;
				CLANG_WARN_DEPRECATED_OBJC_IMPLEMENTATIONS = YES;
				CLANG_WARN_DIRECT_OBJC_ISA_USAGE = YES_ERROR;
				CLANG_WARN_DOCUMENTATION_COMMENTS = YES;
				CLANG_WARN_EMPTY_BODY = YES;
				CLANG_WARN_ENUM_CONVERSION = YES;
				CLANG_WARN_INFINITE_RECURSION = YES;
				CLANG_WARN_INT_CONVERSION = YES;
				CLANG_WARN_NON_LITERAL_NULL_CONVERSION = YES;
				CLANG_WARN_OBJC_IMPLICIT_RETAIN_SELF = YES;
				CLANG_WARN_OBJC_LITERAL_CONVERSION = YES;
				CLANG_WARN_OBJC_ROOT_CLASS = YES_ERROR;
				CLANG_WARN_QUOTED_INCLUDE_IN_FRAMEWORK_HEADER = YES;
				CLANG_WARN_RANGE_LOOP_ANALYSIS = YES;
				CLANG_WARN_STRICT_PROTOTYPES = YES;
				CLANG_WARN_SUSPICIOUS_MOVE = YES;
				CLANG_WARN_UNGUARDED_AVAILABILITY = YES_AGGRESSIVE;
				CLANG_WARN_UNREACHABLE_CODE = YES;
				CLANG_WARN__DUPLICATE_METHOD_MATCH = YES;
				COPY_PHASE_STRIP = NO;
				DEBUG_INFORMATION_FORMAT = dwarf;
				ENABLE_STRICT_OBJC_MSGSEND = YES;
				ENABLE_TESTABILITY = YES;
				GCC_C_LANGUAGE_STANDARD = gnu11;
				GCC_DYNAMIC_NO_PIC = NO;
				GCC_NO_COMMON_BLOCKS = YES;
				GCC_OPTIMIZATION_LEVEL = 0;
				GCC_PREPROCESSOR_DEFINITIONS = (
					"DEBUG=1",
					"$(inherited)",
				);
				GCC_WARN_64_TO_32_BIT_CONVERSION = YES;
				GCC_WARN_ABOUT_RETURN_TYPE = YES_ERROR;
				GCC_WARN_UNDECLARED_SELECTOR = YES;
				GCC_WARN_UNINITIALIZED_AUTOS = YES_AGGRESSIVE;
				GCC_WARN_UNUSED_FUNCTION = YES;
				GCC_WARN_UNUSED_VARIABLE = YES;
				IPHONEOS_DEPLOYMENT_TARGET = 9.0;
				MTL_ENABLE_DEBUG_INFO = INCLUDE_SOURCE;
				MTL_FAST_MATH = YES;
				ONLY_ACTIVE_ARCH = YES;
				SDKROOT = iphoneos;
			};
			name = Debug;
		};
		787C4818280029E500E77633 /* Release */ = {
			isa = XCBuildConfiguration;
			buildSettings = {
				ALWAYS_SEARCH_USER_PATHS = NO;
				CLANG_ANALYZER_NONNULL = YES;
				CLANG_ANALYZER_NUMBER_OBJECT_CONVERSION = YES_AGGRESSIVE;
				CLANG_CXX_LANGUAGE_STANDARD = "gnu++17";
				CLANG_ENABLE_MODULES = YES;
				CLANG_ENABLE_OBJC_ARC = YES;
				CLANG_ENABLE_OBJC_WEAK = YES;
				CLANG_WARN_BLOCK_CAPTURE_AUTORELEASING = YES;
				CLANG_WARN_BOOL_CONVERSION = YES;
				CLANG_WARN_COMMA = YES;
				CLANG_WARN_CONSTANT_CONVERSION = YES;
				CLANG_WARN_DEPRECATED_OBJC_IMPLEMENTATIONS = YES;
				CLANG_WARN_DIRECT_OBJC_ISA_USAGE = YES_ERROR;
				CLANG_WARN_DOCUMENTATION_COMMENTS = YES;
				CLANG_WARN_EMPTY_BODY = YES;
				CLANG_WARN_ENUM_CONVERSION = YES;
				CLANG_WARN_INFINITE_RECURSION = YES;
				CLANG_WARN_INT_CONVERSION = YES;
				CLANG_WARN_NON_LITERAL_NULL_CONVERSION = YES;
				CLANG_WARN_OBJC_IMPLICIT_RETAIN_SELF = YES;
				CLANG_WARN_OBJC_LITERAL_CONVERSION = YES;
				CLANG_WARN_OBJC_ROOT_CLASS = YES_ERROR;
				CLANG_WARN_QUOTED_INCLUDE_IN_FRAMEWORK_HEADER = YES;
				CLANG_WARN_RANGE_LOOP_ANALYSIS = YES;
				CLANG_WARN_STRICT_PROTOTYPES = YES;
				CLANG_WARN_SUSPICIOUS_MOVE = YES;
				CLANG_WARN_UNGUARDED_AVAILABILITY = YES_AGGRESSIVE;
				CLANG_WARN_UNREACHABLE_CODE = YES;
				CLANG_WARN__DUPLICATE_METHOD_MATCH = YES;
				COPY_PHASE_STRIP = NO;
				DEBUG_INFORMATION_FORMAT = "dwarf-with-dsym";
				ENABLE_NS_ASSERTIONS = NO;
				ENABLE_STRICT_OBJC_MSGSEND = YES;
				GCC_C_LANGUAGE_STANDARD = gnu11;
				GCC_NO_COMMON_BLOCKS = YES;
				GCC_WARN_64_TO_32_BIT_CONVERSION = YES;
				GCC_WARN_ABOUT_RETURN_TYPE = YES_ERROR;
				GCC_WARN_UNDECLARED_SELECTOR = YES;
				GCC_WARN_UNINITIALIZED_AUTOS = YES_AGGRESSIVE;
				GCC_WARN_UNUSED_FUNCTION = YES;
				GCC_WARN_UNUSED_VARIABLE = YES;
				IPHONEOS_DEPLOYMENT_TARGET = 9.0;
				MTL_ENABLE_DEBUG_INFO = NO;
				MTL_FAST_MATH = YES;
				SDKROOT = iphoneos;
				VALIDATE_PRODUCT = YES;
			};
			name = Release;
		};
		787C481A280029E500E77633 /* Debug */ = {
			isa = XCBuildConfiguration;
			buildSettings = {
				ARCHS = (
					"$(ARCHS_STANDARD)",
					arm64e,
				);
				CODE_SIGN_STYLE = Automatic;
				CURRENT_PROJECT_VERSION = 1.0.0;
				DEVELOPMENT_TEAM = 4C39GTGS9D;
				DYLIB_CURRENT_VERSION = 1.0.0;
				"EXCLUDED_ARCHS[sdk=iphonesimulator*]" = "arm64 arm64e";
				HEADER_SEARCH_PATHS = "$(PROJECT_DIR)/BreakPadExt/Classes/breakpad/src/";
				IPHONEOS_DEPLOYMENT_TARGET = 9.0;
				MARKETING_VERSION = 1.0.0;
				OTHER_LDFLAGS = "-ObjC";
				PRODUCT_NAME = "$(TARGET_NAME)";
				SKIP_INSTALL = YES;
				TARGETED_DEVICE_FAMILY = "1,2";
			};
			name = Debug;
		};
		787C481B280029E500E77633 /* Release */ = {
			isa = XCBuildConfiguration;
			buildSettings = {
				ARCHS = (
					"$(ARCHS_STANDARD)",
					arm64e,
				);
				CODE_SIGN_STYLE = Automatic;
				CURRENT_PROJECT_VERSION = 1.0.0;
				DEVELOPMENT_TEAM = 4C39GTGS9D;
				DYLIB_CURRENT_VERSION = 1.0.0;
				"EXCLUDED_ARCHS[sdk=iphonesimulator*]" = "arm64 arm64e";
				HEADER_SEARCH_PATHS = "$(PROJECT_DIR)/BreakPadExt/Classes/breakpad/src/";
				IPHONEOS_DEPLOYMENT_TARGET = 9.0;
				MARKETING_VERSION = 1.0.0;
				OTHER_LDFLAGS = "-ObjC";
				PRODUCT_NAME = "$(TARGET_NAME)";
				SKIP_INSTALL = YES;
				TARGETED_DEVICE_FAMILY = "1,2";
			};
			name = Release;
		};
		787C4907280041DC00E77633 /* Debug */ = {
			isa = XCBuildConfiguration;
			buildSettings = {
				ARCHS = (
					"$(ARCHS_STANDARD)",
					arm64e,
				);
				CODE_SIGN_STYLE = Automatic;
				CURRENT_PROJECT_VERSION = 1.0.0;
				DEFINES_MODULE = YES;
				DEVELOPMENT_TEAM = 4C39GTGS9D;
				DYLIB_COMPATIBILITY_VERSION = 1;
				DYLIB_CURRENT_VERSION = 1.0.0;
				DYLIB_INSTALL_NAME_BASE = "@rpath";
				"EXCLUDED_ARCHS[sdk=iphonesimulator*]" = "arm64 arm64e";
				GENERATE_INFOPLIST_FILE = YES;
				HEADER_SEARCH_PATHS = "$(PROJECT_DIR)/BreakPadExt/Classes/breakpad/src/";
				INFOPLIST_KEY_NSHumanReadableCopyright = "";
				INSTALL_PATH = "$(LOCAL_LIBRARY_DIR)/Frameworks";
				IPHONEOS_DEPLOYMENT_TARGET = 9.0;
				LD_RUNPATH_SEARCH_PATHS = (
					"$(inherited)",
					"@executable_path/Frameworks",
					"@loader_path/Frameworks",
				);
				MARKETING_VERSION = 1.0.0;
				PRODUCT_BUNDLE_IDENTIFIER = com.itghost.test.BreakPadExtDylib;
				PRODUCT_NAME = "$(TARGET_NAME:c99extidentifier)";
				SKIP_INSTALL = YES;
				SUPPORTS_MACCATALYST = NO;
				SWIFT_EMIT_LOC_STRINGS = YES;
				TARGETED_DEVICE_FAMILY = "1,2";
				VERSIONING_SYSTEM = "apple-generic";
				VERSION_INFO_PREFIX = "";
			};
			name = Debug;
		};
		787C4908280041DC00E77633 /* Release */ = {
			isa = XCBuildConfiguration;
			buildSettings = {
				ARCHS = (
					"$(ARCHS_STANDARD)",
					arm64e,
				);
				CODE_SIGN_STYLE = Automatic;
				CURRENT_PROJECT_VERSION = 1.0.0;
				DEFINES_MODULE = YES;
				DEVELOPMENT_TEAM = 4C39GTGS9D;
				DYLIB_COMPATIBILITY_VERSION = 1;
				DYLIB_CURRENT_VERSION = 1.0.0;
				DYLIB_INSTALL_NAME_BASE = "@rpath";
				"EXCLUDED_ARCHS[sdk=iphonesimulator*]" = "arm64 arm64e";
				GENERATE_INFOPLIST_FILE = YES;
				HEADER_SEARCH_PATHS = "$(PROJECT_DIR)/BreakPadExt/Classes/breakpad/src/";
				INFOPLIST_KEY_NSHumanReadableCopyright = "";
				INSTALL_PATH = "$(LOCAL_LIBRARY_DIR)/Frameworks";
				IPHONEOS_DEPLOYMENT_TARGET = 9.0;
				LD_RUNPATH_SEARCH_PATHS = (
					"$(inherited)",
					"@executable_path/Frameworks",
					"@loader_path/Frameworks",
				);
				MARKETING_VERSION = 1.0.0;
				PRODUCT_BUNDLE_IDENTIFIER = com.itghost.test.BreakPadExtDylib;
				PRODUCT_NAME = "$(TARGET_NAME:c99extidentifier)";
				SKIP_INSTALL = YES;
				SUPPORTS_MACCATALYST = NO;
				SWIFT_EMIT_LOC_STRINGS = YES;
				TARGETED_DEVICE_FAMILY = "1,2";
				VERSIONING_SYSTEM = "apple-generic";
				VERSION_INFO_PREFIX = "";
			};
			name = Release;
		};
		787C490A280041DC00E77633 /* Debug */ = {
			isa = XCBuildConfiguration;
			buildSettings = {
				CODE_SIGN_STYLE = Automatic;
				CURRENT_PROJECT_VERSION = 1.0.0;
				DEVELOPMENT_TEAM = 4C39GTGS9D;
				GENERATE_INFOPLIST_FILE = YES;
				MARKETING_VERSION = 1.0;
				PRODUCT_BUNDLE_IDENTIFIER = com.itghost.test.BreakPadExtDylibTests;
				PRODUCT_NAME = "$(TARGET_NAME)";
				SWIFT_EMIT_LOC_STRINGS = NO;
				TARGETED_DEVICE_FAMILY = "1,2";
			};
			name = Debug;
		};
		787C490B280041DC00E77633 /* Release */ = {
			isa = XCBuildConfiguration;
			buildSettings = {
				CODE_SIGN_STYLE = Automatic;
				CURRENT_PROJECT_VERSION = 1.0.0;
				DEVELOPMENT_TEAM = 4C39GTGS9D;
				GENERATE_INFOPLIST_FILE = YES;
				MARKETING_VERSION = 1.0;
				PRODUCT_BUNDLE_IDENTIFIER = com.itghost.test.BreakPadExtDylibTests;
				PRODUCT_NAME = "$(TARGET_NAME)";
				SWIFT_EMIT_LOC_STRINGS = NO;
				TARGETED_DEVICE_FAMILY = "1,2";
			};
			name = Release;
		};
/* End XCBuildConfiguration section */

/* Begin XCConfigurationList section */
		787C480B280029E500E77633 /* Build configuration list for PBXProject "BreakPadExt" */ = {
			isa = XCConfigurationList;
			buildConfigurations = (
				787C4817280029E500E77633 /* Debug */,
				787C4818280029E500E77633 /* Release */,
			);
			defaultConfigurationIsVisible = 0;
			defaultConfigurationName = Release;
		};
		787C4819280029E500E77633 /* Build configuration list for PBXNativeTarget "BreakPadExt" */ = {
			isa = XCConfigurationList;
			buildConfigurations = (
				787C481A280029E500E77633 /* Debug */,
				787C481B280029E500E77633 /* Release */,
			);
			defaultConfigurationIsVisible = 0;
			defaultConfigurationName = Release;
		};
		787C4906280041DC00E77633 /* Build configuration list for PBXNativeTarget "BreakPadExtDylib" */ = {
			isa = XCConfigurationList;
			buildConfigurations = (
				787C4907280041DC00E77633 /* Debug */,
				787C4908280041DC00E77633 /* Release */,
			);
			defaultConfigurationIsVisible = 0;
			defaultConfigurationName = Release;
		};
		787C4909280041DC00E77633 /* Build configuration list for PBXNativeTarget "BreakPadExtDylibTests" */ = {
			isa = XCConfigurationList;
			buildConfigurations = (
				787C490A280041DC00E77633 /* Debug */,
				787C490B280041DC00E77633 /* Release */,
			);
			defaultConfigurationIsVisible = 0;
			defaultConfigurationName = Release;
		};
/* End XCConfigurationList section */
	};
	rootObject = 787C4808280029E500E77633 /* Project object */;
}
